// !$*UTF8*$!
{
	archiveVersion = 1;
	classes = {
	};
	objectVersion = 46;
	objects = {

/* Begin PBXBuildFile section */
		3501ADD31BF27F6000981151 /* ToSViewController.swift in Sources */ = {isa = PBXBuildFile; fileRef = 3501ADD21BF27F6000981151 /* ToSViewController.swift */; };
		354B98DF1C0278470087E67C /* CampusViewController.swift in Sources */ = {isa = PBXBuildFile; fileRef = 354B98DE1C0278470087E67C /* CampusViewController.swift */; };
		354B98F81C04EF330087E67C /* Campus.jpg in Resources */ = {isa = PBXBuildFile; fileRef = 354B98F01C04EF330087E67C /* Campus.jpg */; };
		354B99031C121AB90087E67C /* ToSMoreViewController.swift in Sources */ = {isa = PBXBuildFile; fileRef = 354B99021C121AB90087E67C /* ToSMoreViewController.swift */; };
		354B99051C14F6010087E67C /* LostViewController.swift in Sources */ = {isa = PBXBuildFile; fileRef = 354B99041C14F6010087E67C /* LostViewController.swift */; };
		35A706D01C4D83B00039F4DC /* providence_logo1.png in Resources */ = {isa = PBXBuildFile; fileRef = 35A706CF1C4D83B00039F4DC /* providence_logo1.png */; };
		39E909361C0E30F500F81024 /* MoreViewController.swift in Sources */ = {isa = PBXBuildFile; fileRef = 39E909351C0E30F500F81024 /* MoreViewController.swift */; };
		A05A93AB1C7129E90047B5B3 /* DirectoryBuildingChooserViewController.swift in Sources */ = {isa = PBXBuildFile; fileRef = A05A93AA1C7129E90047B5B3 /* DirectoryBuildingChooserViewController.swift */; };
		A05A93B11C73B9C90047B5B3 /* SearchedDirectoryTableViewController.swift in Sources */ = {isa = PBXBuildFile; fileRef = A05A93B01C73B9C90047B5B3 /* SearchedDirectoryTableViewController.swift */; };
		A06517E11C56CD1800B12A63 /* DirectoryInformation.swift in Sources */ = {isa = PBXBuildFile; fileRef = A06517E01C56CD1800B12A63 /* DirectoryInformation.swift */; };
		A0DD87201C580E0B0071B478 /* DirectorySpecificViewController.swift in Sources */ = {isa = PBXBuildFile; fileRef = A0DD871F1C580E0B0071B478 /* DirectorySpecificViewController.swift */; };
		B6678E7A1CD00975004E1CE9 /* data in Resources */ = {isa = PBXBuildFile; fileRef = B6678E791CD00975004E1CE9 /* data */; };
		B696505A1C04F1EA00C8276A /* CategoryTableViewController.swift in Sources */ = {isa = PBXBuildFile; fileRef = B69650561C04F1EA00C8276A /* CategoryTableViewController.swift */; };
		B696505C1C04F1EA00C8276A /* LocationTableViewController.swift in Sources */ = {isa = PBXBuildFile; fileRef = B69650581C04F1EA00C8276A /* LocationTableViewController.swift */; };
		B696505D1C04F1EA00C8276A /* SurveyViewController.swift in Sources */ = {isa = PBXBuildFile; fileRef = B69650591C04F1EA00C8276A /* SurveyViewController.swift */; };
		B696505F1C04F7E200C8276A /* ParkingViewController.swift in Sources */ = {isa = PBXBuildFile; fileRef = B696505E1C04F7E200C8276A /* ParkingViewController.swift */; };
		B6B73E7B1CC4D3350088BA86 /* Connection.swift in Sources */ = {isa = PBXBuildFile; fileRef = B6B73E721CC4D3350088BA86 /* Connection.swift */; };
		B6B73E7C1CC4D3350088BA86 /* CSwiftV.swift in Sources */ = {isa = PBXBuildFile; fileRef = B6B73E731CC4D3350088BA86 /* CSwiftV.swift */; };
		B6B73E7D1CC4D3350088BA86 /* Direction.swift in Sources */ = {isa = PBXBuildFile; fileRef = B6B73E741CC4D3350088BA86 /* Direction.swift */; };
		B6B73E7E1CC4D3350088BA86 /* Edge.swift in Sources */ = {isa = PBXBuildFile; fileRef = B6B73E751CC4D3350088BA86 /* Edge.swift */; };
		B6B73E7F1CC4D3350088BA86 /* Graph.swift in Sources */ = {isa = PBXBuildFile; fileRef = B6B73E761CC4D3350088BA86 /* Graph.swift */; };
		B6B73E801CC4D3350088BA86 /* lineView.swift in Sources */ = {isa = PBXBuildFile; fileRef = B6B73E771CC4D3350088BA86 /* lineView.swift */; };
		B6B73E811CC4D3350088BA86 /* OnCampusDirectionsViewController.swift in Sources */ = {isa = PBXBuildFile; fileRef = B6B73E781CC4D3350088BA86 /* OnCampusDirectionsViewController.swift */; };
		B6B73E831CC4D3350088BA86 /* Vertex.swift in Sources */ = {isa = PBXBuildFile; fileRef = B6B73E7A1CC4D3350088BA86 /* Vertex.swift */; };
		B81F5F801C5867DF00B2D981 /* FloorPlansViewController.swift in Sources */ = {isa = PBXBuildFile; fileRef = B81F5F7F1C5867DF00B2D981 /* FloorPlansViewController.swift */; };
		B877638E1C9899E300F9032C /* TutorialViewController.swift in Sources */ = {isa = PBXBuildFile; fileRef = B877638D1C9899E300F9032C /* TutorialViewController.swift */; };
		B87763901C989C7300F9032C /* ContentViewController.swift in Sources */ = {isa = PBXBuildFile; fileRef = B877638F1C989C7300F9032C /* ContentViewController.swift */; };
		B87763A51C98CA6600F9032C /* Car.png in Resources */ = {isa = PBXBuildFile; fileRef = B87763A11C98CA6600F9032C /* Car.png */; };
		B87763A61C98CA6600F9032C /* Home.png in Resources */ = {isa = PBXBuildFile; fileRef = B87763A21C98CA6600F9032C /* Home.png */; };
		B87763A71C98CA6600F9032C /* Map.png in Resources */ = {isa = PBXBuildFile; fileRef = B87763A31C98CA6600F9032C /* Map.png */; };
		B87763A81C98CA6600F9032C /* More.png in Resources */ = {isa = PBXBuildFile; fileRef = B87763A41C98CA6600F9032C /* More.png */; };
		B87763AE1C9E09B400F9032C /* ButtonDarkBlue.png in Resources */ = {isa = PBXBuildFile; fileRef = B87763AD1C9E09B400F9032C /* ButtonDarkBlue.png */; };
		B87C86091C6A46E20091514E /* ParkingPathViewController.swift in Sources */ = {isa = PBXBuildFile; fileRef = B87C86081C6A46E20091514E /* ParkingPathViewController.swift */; };
		B87C860B1C6A79720091514E /* HistoryViewController.swift in Sources */ = {isa = PBXBuildFile; fileRef = B87C860A1C6A79720091514E /* HistoryViewController.swift */; };
		B89D054E1C56F1FD00D81C76 /* HomeViewController.swift in Sources */ = {isa = PBXBuildFile; fileRef = B89D054D1C56F1FD00D81C76 /* HomeViewController.swift */; };
		D227F9911C725E2A0029A5E7 /* List-100.png in Resources */ = {isa = PBXBuildFile; fileRef = D227F9901C725E2A0029A5E7 /* List-100.png */; };
		D227F9931C725F930029A5E7 /* MapDetailsViewController.swift in Sources */ = {isa = PBXBuildFile; fileRef = D227F9921C725F930029A5E7 /* MapDetailsViewController.swift */; };
		D2341F541C11610700F5ACBA /* NearMe100.png in Resources */ = {isa = PBXBuildFile; fileRef = D2341F511C11610700F5ACBA /* NearMe100.png */; };
		D2341F551C11610700F5ACBA /* NearMeFilled100.png in Resources */ = {isa = PBXBuildFile; fileRef = D2341F521C11610700F5ACBA /* NearMeFilled100.png */; };
		D2341F561C11610700F5ACBA /* NorthDirectionFilled100.png in Resources */ = {isa = PBXBuildFile; fileRef = D2341F531C11610700F5ACBA /* NorthDirectionFilled100.png */; };
		D25196141C6D337D001BA3AA /* MapKit.framework in Frameworks */ = {isa = PBXBuildFile; fileRef = D25196131C6D337D001BA3AA /* MapKit.framework */; };
		D2C12B661CCA8E9400BDC046 /* Childrens_1.jpg in Resources */ = {isa = PBXBuildFile; fileRef = D2C12B651CCA8E9400BDC046 /* Childrens_1.jpg */; };
		D2C12B6D1CCA902A00BDC046 /* Childrens_2.jpg in Resources */ = {isa = PBXBuildFile; fileRef = D2C12B671CCA902A00BDC046 /* Childrens_2.jpg */; };
		D2C12B6E1CCA902A00BDC046 /* Childrens_3.jpg in Resources */ = {isa = PBXBuildFile; fileRef = D2C12B681CCA902A00BDC046 /* Childrens_3.jpg */; };
		D2C12B6F1CCA902A00BDC046 /* Childrens_4.jpg in Resources */ = {isa = PBXBuildFile; fileRef = D2C12B691CCA902A00BDC046 /* Childrens_4.jpg */; };
		D2C12B701CCA902A00BDC046 /* Childrens_L1.jpg in Resources */ = {isa = PBXBuildFile; fileRef = D2C12B6A1CCA902A00BDC046 /* Childrens_L1.jpg */; };
		D2C12B711CCA902A00BDC046 /* Childrens_L2.jpg in Resources */ = {isa = PBXBuildFile; fileRef = D2C12B6B1CCA902A00BDC046 /* Childrens_L2.jpg */; };
		D2C12B721CCA902A00BDC046 /* Childrens_L3.jpg in Resources */ = {isa = PBXBuildFile; fileRef = D2C12B6C1CCA902A00BDC046 /* Childrens_L3.jpg */; };
		D2C12B781CCA903A00BDC046 /* Heart_1.jpg in Resources */ = {isa = PBXBuildFile; fileRef = D2C12B731CCA903A00BDC046 /* Heart_1.jpg */; };
		D2C12B791CCA903A00BDC046 /* Heart_2.jpg in Resources */ = {isa = PBXBuildFile; fileRef = D2C12B741CCA903A00BDC046 /* Heart_2.jpg */; };
		D2C12B7A1CCA903A00BDC046 /* Heart_3.jpg in Resources */ = {isa = PBXBuildFile; fileRef = D2C12B751CCA903A00BDC046 /* Heart_3.jpg */; };
		D2C12B7B1CCA903A00BDC046 /* Heart_4.jpg in Resources */ = {isa = PBXBuildFile; fileRef = D2C12B761CCA903A00BDC046 /* Heart_4.jpg */; };
		D2C12B7C1CCA903A00BDC046 /* Heart_5.jpg in Resources */ = {isa = PBXBuildFile; fileRef = D2C12B771CCA903A00BDC046 /* Heart_5.jpg */; };
		D2C12B8A1CCA904700BDC046 /* Main_1.jpg in Resources */ = {isa = PBXBuildFile; fileRef = D2C12B7D1CCA904700BDC046 /* Main_1.jpg */; };
		D2C12B8B1CCA904700BDC046 /* Main_2.jpg in Resources */ = {isa = PBXBuildFile; fileRef = D2C12B7E1CCA904700BDC046 /* Main_2.jpg */; };
		D2C12B8C1CCA904700BDC046 /* Main_3.jpg in Resources */ = {isa = PBXBuildFile; fileRef = D2C12B7F1CCA904700BDC046 /* Main_3.jpg */; };
		D2C12B8D1CCA904700BDC046 /* Main_4.jpg in Resources */ = {isa = PBXBuildFile; fileRef = D2C12B801CCA904700BDC046 /* Main_4.jpg */; };
		D2C12B8E1CCA904700BDC046 /* Main_5.jpg in Resources */ = {isa = PBXBuildFile; fileRef = D2C12B811CCA904700BDC046 /* Main_5.jpg */; };
		D2C12B8F1CCA904700BDC046 /* Main_6.jpg in Resources */ = {isa = PBXBuildFile; fileRef = D2C12B821CCA904700BDC046 /* Main_6.jpg */; };
		D2C12B901CCA904700BDC046 /* Main_7.jpg in Resources */ = {isa = PBXBuildFile; fileRef = D2C12B831CCA904700BDC046 /* Main_7.jpg */; };
		D2C12B911CCA904700BDC046 /* Main_8.jpg in Resources */ = {isa = PBXBuildFile; fileRef = D2C12B841CCA904700BDC046 /* Main_8.jpg */; };
		D2C12B921CCA904700BDC046 /* Main_9.jpg in Resources */ = {isa = PBXBuildFile; fileRef = D2C12B851CCA904700BDC046 /* Main_9.jpg */; };
		D2C12B931CCA904700BDC046 /* Main_10.jpg in Resources */ = {isa = PBXBuildFile; fileRef = D2C12B861CCA904700BDC046 /* Main_10.jpg */; };
		D2C12B941CCA904700BDC046 /* Main_L1.jpg in Resources */ = {isa = PBXBuildFile; fileRef = D2C12B871CCA904700BDC046 /* Main_L1.jpg */; };
		D2C12B951CCA904700BDC046 /* Main_L2.jpg in Resources */ = {isa = PBXBuildFile; fileRef = D2C12B881CCA904700BDC046 /* Main_L2.jpg */; };
		D2C12B961CCA904700BDC046 /* Main_L3.jpg in Resources */ = {isa = PBXBuildFile; fileRef = D2C12B891CCA904700BDC046 /* Main_L3.jpg */; };
		D2C12B9D1CCA905100BDC046 /* Womens_1.jpg in Resources */ = {isa = PBXBuildFile; fileRef = D2C12B971CCA905100BDC046 /* Womens_1.jpg */; };
		D2C12B9E1CCA905100BDC046 /* Womens_2.jpg in Resources */ = {isa = PBXBuildFile; fileRef = D2C12B981CCA905100BDC046 /* Womens_2.jpg */; };
		D2C12B9F1CCA905100BDC046 /* Womens_3.jpg in Resources */ = {isa = PBXBuildFile; fileRef = D2C12B991CCA905100BDC046 /* Womens_3.jpg */; };
		D2C12BA01CCA905100BDC046 /* Womens_L1.jpg in Resources */ = {isa = PBXBuildFile; fileRef = D2C12B9A1CCA905100BDC046 /* Womens_L1.jpg */; };
		D2C12BA11CCA905100BDC046 /* Womens_L2.jpg in Resources */ = {isa = PBXBuildFile; fileRef = D2C12B9B1CCA905100BDC046 /* Womens_L2.jpg */; };
		D2C12BA21CCA905100BDC046 /* Womens_L3.jpg in Resources */ = {isa = PBXBuildFile; fileRef = D2C12B9C1CCA905100BDC046 /* Womens_L3.jpg */; };
		D2C7308C1C69473D002AF7CB /* BasicDirectionsCell.swift in Sources */ = {isa = PBXBuildFile; fileRef = D2C7308B1C69473D002AF7CB /* BasicDirectionsCell.swift */; };
		D2CA49E71BE2B58B00E79580 /* AppDelegate.swift in Sources */ = {isa = PBXBuildFile; fileRef = D2CA49E61BE2B58B00E79580 /* AppDelegate.swift */; };
		D2CA49EC1BE2B58B00E79580 /* Main.storyboard in Resources */ = {isa = PBXBuildFile; fileRef = D2CA49EA1BE2B58B00E79580 /* Main.storyboard */; };
		D2CA49EE1BE2B58C00E79580 /* Assets.xcassets in Resources */ = {isa = PBXBuildFile; fileRef = D2CA49ED1BE2B58C00E79580 /* Assets.xcassets */; };
		D2CA49F11BE2B58C00E79580 /* LaunchScreen.storyboard in Resources */ = {isa = PBXBuildFile; fileRef = D2CA49EF1BE2B58C00E79580 /* LaunchScreen.storyboard */; };
		D2CA49FC1BE2B58C00E79580 /* ProvidenceWayfindingTests.swift in Sources */ = {isa = PBXBuildFile; fileRef = D2CA49FB1BE2B58C00E79580 /* ProvidenceWayfindingTests.swift */; };
		D2CA4A071BE2B58D00E79580 /* ProvidenceWayfindingUITests.swift in Sources */ = {isa = PBXBuildFile; fileRef = D2CA4A061BE2B58D00E79580 /* ProvidenceWayfindingUITests.swift */; };
		D2CA4A171BE2B72600E79580 /* DirectionsViewController.swift in Sources */ = {isa = PBXBuildFile; fileRef = D2CA4A141BE2B72600E79580 /* DirectionsViewController.swift */; };
/* End PBXBuildFile section */

/* Begin PBXContainerItemProxy section */
		D2CA49F81BE2B58C00E79580 /* PBXContainerItemProxy */ = {
			isa = PBXContainerItemProxy;
			containerPortal = D2CA49DB1BE2B58B00E79580 /* Project object */;
			proxyType = 1;
			remoteGlobalIDString = D2CA49E21BE2B58B00E79580;
			remoteInfo = ProvidenceWayfinding;
		};
		D2CA4A031BE2B58C00E79580 /* PBXContainerItemProxy */ = {
			isa = PBXContainerItemProxy;
			containerPortal = D2CA49DB1BE2B58B00E79580 /* Project object */;
			proxyType = 1;
			remoteGlobalIDString = D2CA49E21BE2B58B00E79580;
			remoteInfo = ProvidenceWayfinding;
		};
/* End PBXContainerItemProxy section */

/* Begin PBXFileReference section */
		3501ADD21BF27F6000981151 /* ToSViewController.swift */ = {isa = PBXFileReference; fileEncoding = 4; lastKnownFileType = sourcecode.swift; path = ToSViewController.swift; sourceTree = "<group>"; };
		354B98DE1C0278470087E67C /* CampusViewController.swift */ = {isa = PBXFileReference; fileEncoding = 4; lastKnownFileType = sourcecode.swift; path = CampusViewController.swift; sourceTree = "<group>"; };
		354B98F01C04EF330087E67C /* Campus.jpg */ = {isa = PBXFileReference; lastKnownFileType = image.jpeg; path = Campus.jpg; sourceTree = "<group>"; };
		354B99021C121AB90087E67C /* ToSMoreViewController.swift */ = {isa = PBXFileReference; fileEncoding = 4; lastKnownFileType = sourcecode.swift; path = ToSMoreViewController.swift; sourceTree = "<group>"; };
		354B99041C14F6010087E67C /* LostViewController.swift */ = {isa = PBXFileReference; fileEncoding = 4; lastKnownFileType = sourcecode.swift; path = LostViewController.swift; sourceTree = "<group>"; };
		35A706CF1C4D83B00039F4DC /* providence_logo1.png */ = {isa = PBXFileReference; lastKnownFileType = image.png; path = providence_logo1.png; sourceTree = "<group>"; };
		39E909351C0E30F500F81024 /* MoreViewController.swift */ = {isa = PBXFileReference; fileEncoding = 4; lastKnownFileType = sourcecode.swift; path = MoreViewController.swift; sourceTree = "<group>"; };
		A05A93AA1C7129E90047B5B3 /* DirectoryBuildingChooserViewController.swift */ = {isa = PBXFileReference; fileEncoding = 4; lastKnownFileType = sourcecode.swift; path = DirectoryBuildingChooserViewController.swift; sourceTree = "<group>"; };
		A05A93B01C73B9C90047B5B3 /* SearchedDirectoryTableViewController.swift */ = {isa = PBXFileReference; fileEncoding = 4; lastKnownFileType = sourcecode.swift; name = SearchedDirectoryTableViewController.swift; path = ../SearchedDirectoryTableViewController.swift; sourceTree = "<group>"; };
		A06517E01C56CD1800B12A63 /* DirectoryInformation.swift */ = {isa = PBXFileReference; fileEncoding = 4; lastKnownFileType = sourcecode.swift; path = DirectoryInformation.swift; sourceTree = "<group>"; };
		A0DD871F1C580E0B0071B478 /* DirectorySpecificViewController.swift */ = {isa = PBXFileReference; fileEncoding = 4; lastKnownFileType = sourcecode.swift; path = DirectorySpecificViewController.swift; sourceTree = "<group>"; };
		B6678E791CD00975004E1CE9 /* data */ = {isa = PBXFileReference; lastKnownFileType = folder; name = data; path = ../data; sourceTree = "<group>"; };
		B69650561C04F1EA00C8276A /* CategoryTableViewController.swift */ = {isa = PBXFileReference; fileEncoding = 4; lastKnownFileType = sourcecode.swift; path = CategoryTableViewController.swift; sourceTree = "<group>"; };
		B69650581C04F1EA00C8276A /* LocationTableViewController.swift */ = {isa = PBXFileReference; fileEncoding = 4; lastKnownFileType = sourcecode.swift; path = LocationTableViewController.swift; sourceTree = "<group>"; };
		B69650591C04F1EA00C8276A /* SurveyViewController.swift */ = {isa = PBXFileReference; fileEncoding = 4; lastKnownFileType = sourcecode.swift; path = SurveyViewController.swift; sourceTree = "<group>"; };
		B696505E1C04F7E200C8276A /* ParkingViewController.swift */ = {isa = PBXFileReference; fileEncoding = 4; lastKnownFileType = sourcecode.swift; path = ParkingViewController.swift; sourceTree = "<group>"; };
		B6B73E721CC4D3350088BA86 /* Connection.swift */ = {isa = PBXFileReference; fileEncoding = 4; lastKnownFileType = sourcecode.swift; path = Connection.swift; sourceTree = "<group>"; };
		B6B73E731CC4D3350088BA86 /* CSwiftV.swift */ = {isa = PBXFileReference; fileEncoding = 4; lastKnownFileType = sourcecode.swift; path = CSwiftV.swift; sourceTree = "<group>"; };
		B6B73E741CC4D3350088BA86 /* Direction.swift */ = {isa = PBXFileReference; fileEncoding = 4; lastKnownFileType = sourcecode.swift; path = Direction.swift; sourceTree = "<group>"; };
		B6B73E751CC4D3350088BA86 /* Edge.swift */ = {isa = PBXFileReference; fileEncoding = 4; lastKnownFileType = sourcecode.swift; path = Edge.swift; sourceTree = "<group>"; };
		B6B73E761CC4D3350088BA86 /* Graph.swift */ = {isa = PBXFileReference; fileEncoding = 4; lastKnownFileType = sourcecode.swift; path = Graph.swift; sourceTree = "<group>"; };
		B6B73E771CC4D3350088BA86 /* lineView.swift */ = {isa = PBXFileReference; fileEncoding = 4; lastKnownFileType = sourcecode.swift; path = lineView.swift; sourceTree = "<group>"; };
		B6B73E781CC4D3350088BA86 /* OnCampusDirectionsViewController.swift */ = {isa = PBXFileReference; fileEncoding = 4; lastKnownFileType = sourcecode.swift; path = OnCampusDirectionsViewController.swift; sourceTree = "<group>"; };
		B6B73E7A1CC4D3350088BA86 /* Vertex.swift */ = {isa = PBXFileReference; fileEncoding = 4; lastKnownFileType = sourcecode.swift; path = Vertex.swift; sourceTree = "<group>"; };
		B81F5F7F1C5867DF00B2D981 /* FloorPlansViewController.swift */ = {isa = PBXFileReference; fileEncoding = 4; lastKnownFileType = sourcecode.swift; path = FloorPlansViewController.swift; sourceTree = "<group>"; };
		B877638D1C9899E300F9032C /* TutorialViewController.swift */ = {isa = PBXFileReference; fileEncoding = 4; lastKnownFileType = sourcecode.swift; path = TutorialViewController.swift; sourceTree = "<group>"; };
		B877638F1C989C7300F9032C /* ContentViewController.swift */ = {isa = PBXFileReference; fileEncoding = 4; lastKnownFileType = sourcecode.swift; path = ContentViewController.swift; sourceTree = "<group>"; };
		B87763A11C98CA6600F9032C /* Car.png */ = {isa = PBXFileReference; lastKnownFileType = image.png; path = Car.png; sourceTree = "<group>"; };
		B87763A21C98CA6600F9032C /* Home.png */ = {isa = PBXFileReference; lastKnownFileType = image.png; path = Home.png; sourceTree = "<group>"; };
		B87763A31C98CA6600F9032C /* Map.png */ = {isa = PBXFileReference; lastKnownFileType = image.png; path = Map.png; sourceTree = "<group>"; };
		B87763A41C98CA6600F9032C /* More.png */ = {isa = PBXFileReference; lastKnownFileType = image.png; path = More.png; sourceTree = "<group>"; };
		B87763AD1C9E09B400F9032C /* ButtonDarkBlue.png */ = {isa = PBXFileReference; lastKnownFileType = image.png; path = ButtonDarkBlue.png; sourceTree = "<group>"; };
		B87C86081C6A46E20091514E /* ParkingPathViewController.swift */ = {isa = PBXFileReference; fileEncoding = 4; lastKnownFileType = sourcecode.swift; path = ParkingPathViewController.swift; sourceTree = "<group>"; };
		B87C860A1C6A79720091514E /* HistoryViewController.swift */ = {isa = PBXFileReference; fileEncoding = 4; lastKnownFileType = sourcecode.swift; path = HistoryViewController.swift; sourceTree = "<group>"; };
		B89D054D1C56F1FD00D81C76 /* HomeViewController.swift */ = {isa = PBXFileReference; fileEncoding = 4; lastKnownFileType = sourcecode.swift; path = HomeViewController.swift; sourceTree = "<group>"; };
		D227F9901C725E2A0029A5E7 /* List-100.png */ = {isa = PBXFileReference; lastKnownFileType = image.png; path = "List-100.png"; sourceTree = "<group>"; };
		D227F9921C725F930029A5E7 /* MapDetailsViewController.swift */ = {isa = PBXFileReference; fileEncoding = 4; lastKnownFileType = sourcecode.swift; path = MapDetailsViewController.swift; sourceTree = "<group>"; };
		D2341F511C11610700F5ACBA /* NearMe100.png */ = {isa = PBXFileReference; lastKnownFileType = image.png; path = NearMe100.png; sourceTree = "<group>"; };
		D2341F521C11610700F5ACBA /* NearMeFilled100.png */ = {isa = PBXFileReference; lastKnownFileType = image.png; path = NearMeFilled100.png; sourceTree = "<group>"; };
		D2341F531C11610700F5ACBA /* NorthDirectionFilled100.png */ = {isa = PBXFileReference; lastKnownFileType = image.png; path = NorthDirectionFilled100.png; sourceTree = "<group>"; };
		D25196131C6D337D001BA3AA /* MapKit.framework */ = {isa = PBXFileReference; lastKnownFileType = wrapper.framework; name = MapKit.framework; path = System/Library/Frameworks/MapKit.framework; sourceTree = SDKROOT; };
		D2C12B651CCA8E9400BDC046 /* Childrens_1.jpg */ = {isa = PBXFileReference; lastKnownFileType = image.jpeg; path = Childrens_1.jpg; sourceTree = "<group>"; };
		D2C12B671CCA902A00BDC046 /* Childrens_2.jpg */ = {isa = PBXFileReference; lastKnownFileType = image.jpeg; path = Childrens_2.jpg; sourceTree = "<group>"; };
		D2C12B681CCA902A00BDC046 /* Childrens_3.jpg */ = {isa = PBXFileReference; lastKnownFileType = image.jpeg; path = Childrens_3.jpg; sourceTree = "<group>"; };
		D2C12B691CCA902A00BDC046 /* Childrens_4.jpg */ = {isa = PBXFileReference; lastKnownFileType = image.jpeg; path = Childrens_4.jpg; sourceTree = "<group>"; };
		D2C12B6A1CCA902A00BDC046 /* Childrens_L1.jpg */ = {isa = PBXFileReference; lastKnownFileType = image.jpeg; path = Childrens_L1.jpg; sourceTree = "<group>"; };
		D2C12B6B1CCA902A00BDC046 /* Childrens_L2.jpg */ = {isa = PBXFileReference; lastKnownFileType = image.jpeg; path = Childrens_L2.jpg; sourceTree = "<group>"; };
		D2C12B6C1CCA902A00BDC046 /* Childrens_L3.jpg */ = {isa = PBXFileReference; lastKnownFileType = image.jpeg; path = Childrens_L3.jpg; sourceTree = "<group>"; };
		D2C12B731CCA903A00BDC046 /* Heart_1.jpg */ = {isa = PBXFileReference; lastKnownFileType = image.jpeg; path = Heart_1.jpg; sourceTree = "<group>"; };
		D2C12B741CCA903A00BDC046 /* Heart_2.jpg */ = {isa = PBXFileReference; lastKnownFileType = image.jpeg; path = Heart_2.jpg; sourceTree = "<group>"; };
		D2C12B751CCA903A00BDC046 /* Heart_3.jpg */ = {isa = PBXFileReference; lastKnownFileType = image.jpeg; path = Heart_3.jpg; sourceTree = "<group>"; };
		D2C12B761CCA903A00BDC046 /* Heart_4.jpg */ = {isa = PBXFileReference; lastKnownFileType = image.jpeg; path = Heart_4.jpg; sourceTree = "<group>"; };
		D2C12B771CCA903A00BDC046 /* Heart_5.jpg */ = {isa = PBXFileReference; lastKnownFileType = image.jpeg; path = Heart_5.jpg; sourceTree = "<group>"; };
		D2C12B7D1CCA904700BDC046 /* Main_1.jpg */ = {isa = PBXFileReference; lastKnownFileType = image.jpeg; path = Main_1.jpg; sourceTree = "<group>"; };
		D2C12B7E1CCA904700BDC046 /* Main_2.jpg */ = {isa = PBXFileReference; lastKnownFileType = image.jpeg; path = Main_2.jpg; sourceTree = "<group>"; };
		D2C12B7F1CCA904700BDC046 /* Main_3.jpg */ = {isa = PBXFileReference; lastKnownFileType = image.jpeg; path = Main_3.jpg; sourceTree = "<group>"; };
		D2C12B801CCA904700BDC046 /* Main_4.jpg */ = {isa = PBXFileReference; lastKnownFileType = image.jpeg; path = Main_4.jpg; sourceTree = "<group>"; };
		D2C12B811CCA904700BDC046 /* Main_5.jpg */ = {isa = PBXFileReference; lastKnownFileType = image.jpeg; path = Main_5.jpg; sourceTree = "<group>"; };
		D2C12B821CCA904700BDC046 /* Main_6.jpg */ = {isa = PBXFileReference; lastKnownFileType = image.jpeg; path = Main_6.jpg; sourceTree = "<group>"; };
		D2C12B831CCA904700BDC046 /* Main_7.jpg */ = {isa = PBXFileReference; lastKnownFileType = image.jpeg; path = Main_7.jpg; sourceTree = "<group>"; };
		D2C12B841CCA904700BDC046 /* Main_8.jpg */ = {isa = PBXFileReference; lastKnownFileType = image.jpeg; path = Main_8.jpg; sourceTree = "<group>"; };
		D2C12B851CCA904700BDC046 /* Main_9.jpg */ = {isa = PBXFileReference; lastKnownFileType = image.jpeg; path = Main_9.jpg; sourceTree = "<group>"; };
		D2C12B861CCA904700BDC046 /* Main_10.jpg */ = {isa = PBXFileReference; lastKnownFileType = image.jpeg; path = Main_10.jpg; sourceTree = "<group>"; };
		D2C12B871CCA904700BDC046 /* Main_L1.jpg */ = {isa = PBXFileReference; lastKnownFileType = image.jpeg; path = Main_L1.jpg; sourceTree = "<group>"; };
		D2C12B881CCA904700BDC046 /* Main_L2.jpg */ = {isa = PBXFileReference; lastKnownFileType = image.jpeg; path = Main_L2.jpg; sourceTree = "<group>"; };
		D2C12B891CCA904700BDC046 /* Main_L3.jpg */ = {isa = PBXFileReference; lastKnownFileType = image.jpeg; path = Main_L3.jpg; sourceTree = "<group>"; };
		D2C12B971CCA905100BDC046 /* Womens_1.jpg */ = {isa = PBXFileReference; lastKnownFileType = image.jpeg; path = Womens_1.jpg; sourceTree = "<group>"; };
		D2C12B981CCA905100BDC046 /* Womens_2.jpg */ = {isa = PBXFileReference; lastKnownFileType = image.jpeg; path = Womens_2.jpg; sourceTree = "<group>"; };
		D2C12B991CCA905100BDC046 /* Womens_3.jpg */ = {isa = PBXFileReference; lastKnownFileType = image.jpeg; path = Womens_3.jpg; sourceTree = "<group>"; };
		D2C12B9A1CCA905100BDC046 /* Womens_L1.jpg */ = {isa = PBXFileReference; lastKnownFileType = image.jpeg; path = Womens_L1.jpg; sourceTree = "<group>"; };
		D2C12B9B1CCA905100BDC046 /* Womens_L2.jpg */ = {isa = PBXFileReference; lastKnownFileType = image.jpeg; path = Womens_L2.jpg; sourceTree = "<group>"; };
		D2C12B9C1CCA905100BDC046 /* Womens_L3.jpg */ = {isa = PBXFileReference; lastKnownFileType = image.jpeg; path = Womens_L3.jpg; sourceTree = "<group>"; };
		D2C7308B1C69473D002AF7CB /* BasicDirectionsCell.swift */ = {isa = PBXFileReference; fileEncoding = 4; lastKnownFileType = sourcecode.swift; path = BasicDirectionsCell.swift; sourceTree = "<group>"; };
		D2CA49E31BE2B58B00E79580 /* ProvidenceWayfinding.app */ = {isa = PBXFileReference; explicitFileType = wrapper.application; includeInIndex = 0; path = ProvidenceWayfinding.app; sourceTree = BUILT_PRODUCTS_DIR; };
		D2CA49E61BE2B58B00E79580 /* AppDelegate.swift */ = {isa = PBXFileReference; lastKnownFileType = sourcecode.swift; path = AppDelegate.swift; sourceTree = "<group>"; };
		D2CA49EB1BE2B58B00E79580 /* Base */ = {isa = PBXFileReference; lastKnownFileType = file.storyboard; name = Base; path = Base.lproj/Main.storyboard; sourceTree = "<group>"; };
		D2CA49ED1BE2B58C00E79580 /* Assets.xcassets */ = {isa = PBXFileReference; lastKnownFileType = folder.assetcatalog; path = Assets.xcassets; sourceTree = "<group>"; };
		D2CA49F01BE2B58C00E79580 /* Base */ = {isa = PBXFileReference; lastKnownFileType = file.storyboard; name = Base; path = Base.lproj/LaunchScreen.storyboard; sourceTree = "<group>"; };
		D2CA49F21BE2B58C00E79580 /* Info.plist */ = {isa = PBXFileReference; lastKnownFileType = text.plist.xml; path = Info.plist; sourceTree = "<group>"; };
		D2CA49F71BE2B58C00E79580 /* ProvidenceWayfindingTests.xctest */ = {isa = PBXFileReference; explicitFileType = wrapper.cfbundle; includeInIndex = 0; path = ProvidenceWayfindingTests.xctest; sourceTree = BUILT_PRODUCTS_DIR; };
		D2CA49FB1BE2B58C00E79580 /* ProvidenceWayfindingTests.swift */ = {isa = PBXFileReference; lastKnownFileType = sourcecode.swift; path = ProvidenceWayfindingTests.swift; sourceTree = "<group>"; };
		D2CA49FD1BE2B58C00E79580 /* Info.plist */ = {isa = PBXFileReference; lastKnownFileType = text.plist.xml; path = Info.plist; sourceTree = "<group>"; };
		D2CA4A021BE2B58C00E79580 /* ProvidenceWayfindingUITests.xctest */ = {isa = PBXFileReference; explicitFileType = wrapper.cfbundle; includeInIndex = 0; path = ProvidenceWayfindingUITests.xctest; sourceTree = BUILT_PRODUCTS_DIR; };
		D2CA4A061BE2B58D00E79580 /* ProvidenceWayfindingUITests.swift */ = {isa = PBXFileReference; lastKnownFileType = sourcecode.swift; path = ProvidenceWayfindingUITests.swift; sourceTree = "<group>"; };
		D2CA4A081BE2B58D00E79580 /* Info.plist */ = {isa = PBXFileReference; lastKnownFileType = text.plist.xml; path = Info.plist; sourceTree = "<group>"; };
		D2CA4A141BE2B72600E79580 /* DirectionsViewController.swift */ = {isa = PBXFileReference; fileEncoding = 4; lastKnownFileType = sourcecode.swift; path = DirectionsViewController.swift; sourceTree = "<group>"; };
/* End PBXFileReference section */

/* Begin PBXFrameworksBuildPhase section */
		D2CA49E01BE2B58B00E79580 /* Frameworks */ = {
			isa = PBXFrameworksBuildPhase;
			buildActionMask = 2147483647;
			files = (
				D25196141C6D337D001BA3AA /* MapKit.framework in Frameworks */,
			);
			runOnlyForDeploymentPostprocessing = 0;
		};
		D2CA49F41BE2B58C00E79580 /* Frameworks */ = {
			isa = PBXFrameworksBuildPhase;
			buildActionMask = 2147483647;
			files = (
			);
			runOnlyForDeploymentPostprocessing = 0;
		};
		D2CA49FF1BE2B58C00E79580 /* Frameworks */ = {
			isa = PBXFrameworksBuildPhase;
			buildActionMask = 2147483647;
			files = (
			);
			runOnlyForDeploymentPostprocessing = 0;
		};
/* End PBXFrameworksBuildPhase section */

/* Begin PBXGroup section */
		B6B73E711CC4D2EC0088BA86 /* On Campus */ = {
			isa = PBXGroup;
			children = (
				B6B73E721CC4D3350088BA86 /* Connection.swift */,
				B6B73E731CC4D3350088BA86 /* CSwiftV.swift */,
				B6B73E741CC4D3350088BA86 /* Direction.swift */,
				B6B73E751CC4D3350088BA86 /* Edge.swift */,
				B6B73E761CC4D3350088BA86 /* Graph.swift */,
				B6B73E771CC4D3350088BA86 /* lineView.swift */,
				B6B73E781CC4D3350088BA86 /* OnCampusDirectionsViewController.swift */,
				B6B73E7A1CC4D3350088BA86 /* Vertex.swift */,
			);
			name = "On Campus";
			sourceTree = "<group>";
		};
		B6D6363C1CCEF8C50037B568 /* Images */ = {
			isa = PBXGroup;
			children = (
				D227F9901C725E2A0029A5E7 /* List-100.png */,
				B87763AD1C9E09B400F9032C /* ButtonDarkBlue.png */,
				D2341F511C11610700F5ACBA /* NearMe100.png */,
				D2341F521C11610700F5ACBA /* NearMeFilled100.png */,
				D2341F531C11610700F5ACBA /* NorthDirectionFilled100.png */,
				354B98F01C04EF330087E67C /* Campus.jpg */,
				35A706CF1C4D83B00039F4DC /* providence_logo1.png */,
				B87763A11C98CA6600F9032C /* Car.png */,
				B87763A21C98CA6600F9032C /* Home.png */,
				B87763A31C98CA6600F9032C /* Map.png */,
				B87763A41C98CA6600F9032C /* More.png */,
			);
			name = Images;
			sourceTree = "<group>";
		};
		B6D6363E1CCEF9190037B568 /* Directions */ = {
			isa = PBXGroup;
			children = (
				D227F9921C725F930029A5E7 /* MapDetailsViewController.swift */,
				D2C7308B1C69473D002AF7CB /* BasicDirectionsCell.swift */,
				B69650561C04F1EA00C8276A /* CategoryTableViewController.swift */,
				B87C86081C6A46E20091514E /* ParkingPathViewController.swift */,
				B69650591C04F1EA00C8276A /* SurveyViewController.swift */,
				B69650581C04F1EA00C8276A /* LocationTableViewController.swift */,
				D2CA4A141BE2B72600E79580 /* DirectionsViewController.swift */,
			);
			name = Directions;
			sourceTree = "<group>";
		};
		B6D6363F1CCEF9620037B568 /* Tutorial */ = {
			isa = PBXGroup;
			children = (
				B89D054D1C56F1FD00D81C76 /* HomeViewController.swift */,
				B877638D1C9899E300F9032C /* TutorialViewController.swift */,
				B877638F1C989C7300F9032C /* ContentViewController.swift */,
			);
			name = Tutorial;
			sourceTree = "<group>";
		};
		B6D636401CCEF97C0037B568 /* Parking */ = {
			isa = PBXGroup;
			children = (
				B87C860A1C6A79720091514E /* HistoryViewController.swift */,
				B696505E1C04F7E200C8276A /* ParkingViewController.swift */,
			);
			name = Parking;
			sourceTree = "<group>";
		};
		B6D636411CCEF9D90037B568 /* More */ = {
			isa = PBXGroup;
			children = (
				A05A93B01C73B9C90047B5B3 /* SearchedDirectoryTableViewController.swift */,
				A05A93AA1C7129E90047B5B3 /* DirectoryBuildingChooserViewController.swift */,
				354B98DE1C0278470087E67C /* CampusViewController.swift */,
				39E909351C0E30F500F81024 /* MoreViewController.swift */,
				354B99021C121AB90087E67C /* ToSMoreViewController.swift */,
				354B99041C14F6010087E67C /* LostViewController.swift */,
				A0DD871F1C580E0B0071B478 /* DirectorySpecificViewController.swift */,
				B81F5F7F1C5867DF00B2D981 /* FloorPlansViewController.swift */,
			);
			name = More;
			sourceTree = "<group>";
		};
		D2C12B641CCA8DEB00BDC046 /* Floor Plans */ = {
			isa = PBXGroup;
			children = (
				D2C12B971CCA905100BDC046 /* Womens_1.jpg */,
				D2C12B981CCA905100BDC046 /* Womens_2.jpg */,
				D2C12B991CCA905100BDC046 /* Womens_3.jpg */,
				D2C12B9A1CCA905100BDC046 /* Womens_L1.jpg */,
				D2C12B9B1CCA905100BDC046 /* Womens_L2.jpg */,
				D2C12B9C1CCA905100BDC046 /* Womens_L3.jpg */,
				D2C12B7D1CCA904700BDC046 /* Main_1.jpg */,
				D2C12B7E1CCA904700BDC046 /* Main_2.jpg */,
				D2C12B7F1CCA904700BDC046 /* Main_3.jpg */,
				D2C12B801CCA904700BDC046 /* Main_4.jpg */,
				D2C12B811CCA904700BDC046 /* Main_5.jpg */,
				D2C12B821CCA904700BDC046 /* Main_6.jpg */,
				D2C12B831CCA904700BDC046 /* Main_7.jpg */,
				D2C12B841CCA904700BDC046 /* Main_8.jpg */,
				D2C12B851CCA904700BDC046 /* Main_9.jpg */,
				D2C12B861CCA904700BDC046 /* Main_10.jpg */,
				D2C12B871CCA904700BDC046 /* Main_L1.jpg */,
				D2C12B881CCA904700BDC046 /* Main_L2.jpg */,
				D2C12B891CCA904700BDC046 /* Main_L3.jpg */,
				D2C12B731CCA903A00BDC046 /* Heart_1.jpg */,
				D2C12B741CCA903A00BDC046 /* Heart_2.jpg */,
				D2C12B751CCA903A00BDC046 /* Heart_3.jpg */,
				D2C12B761CCA903A00BDC046 /* Heart_4.jpg */,
				D2C12B771CCA903A00BDC046 /* Heart_5.jpg */,
				D2C12B671CCA902A00BDC046 /* Childrens_2.jpg */,
				D2C12B681CCA902A00BDC046 /* Childrens_3.jpg */,
				D2C12B691CCA902A00BDC046 /* Childrens_4.jpg */,
				D2C12B6A1CCA902A00BDC046 /* Childrens_L1.jpg */,
				D2C12B6B1CCA902A00BDC046 /* Childrens_L2.jpg */,
				D2C12B6C1CCA902A00BDC046 /* Childrens_L3.jpg */,
				D2C12B651CCA8E9400BDC046 /* Childrens_1.jpg */,
			);
			name = "Floor Plans";
			sourceTree = "<group>";
		};
		D2CA49DA1BE2B58B00E79580 = {
			isa = PBXGroup;
			children = (
				D2CA49E51BE2B58B00E79580 /* ProvidenceWayfinding */,
				D2CA49FA1BE2B58C00E79580 /* ProvidenceWayfindingTests */,
				D2CA4A051BE2B58D00E79580 /* ProvidenceWayfindingUITests */,
				D2CA49E41BE2B58B00E79580 /* Products */,
				D25196131C6D337D001BA3AA /* MapKit.framework */,
			);
			sourceTree = "<group>";
		};
		D2CA49E41BE2B58B00E79580 /* Products */ = {
			isa = PBXGroup;
			children = (
				D2CA49E31BE2B58B00E79580 /* ProvidenceWayfinding.app */,
				D2CA49F71BE2B58C00E79580 /* ProvidenceWayfindingTests.xctest */,
				D2CA4A021BE2B58C00E79580 /* ProvidenceWayfindingUITests.xctest */,
			);
			name = Products;
			sourceTree = "<group>";
		};
		D2CA49E51BE2B58B00E79580 /* ProvidenceWayfinding */ = {
			isa = PBXGroup;
			children = (
				B6678E791CD00975004E1CE9 /* data */,
				D2C12B641CCA8DEB00BDC046 /* Floor Plans */,
				B6B73E711CC4D2EC0088BA86 /* On Campus */,
				B6D6363C1CCEF8C50037B568 /* Images */,
				B6D6363F1CCEF9620037B568 /* Tutorial */,
				B6D6363E1CCEF9190037B568 /* Directions */,
				B6D636401CCEF97C0037B568 /* Parking */,
				B6D636411CCEF9D90037B568 /* More */,
				A06517E01C56CD1800B12A63 /* DirectoryInformation.swift */,
				D2CA49E61BE2B58B00E79580 /* AppDelegate.swift */,
				3501ADD21BF27F6000981151 /* ToSViewController.swift */,
				D2CA49EA1BE2B58B00E79580 /* Main.storyboard */,
				D2CA49ED1BE2B58C00E79580 /* Assets.xcassets */,
				D2CA49EF1BE2B58C00E79580 /* LaunchScreen.storyboard */,
				D2CA49F21BE2B58C00E79580 /* Info.plist */,
			);
			path = ProvidenceWayfinding;
			sourceTree = "<group>";
		};
		D2CA49FA1BE2B58C00E79580 /* ProvidenceWayfindingTests */ = {
			isa = PBXGroup;
			children = (
				D2CA49FB1BE2B58C00E79580 /* ProvidenceWayfindingTests.swift */,
				D2CA49FD1BE2B58C00E79580 /* Info.plist */,
			);
			path = ProvidenceWayfindingTests;
			sourceTree = "<group>";
		};
		D2CA4A051BE2B58D00E79580 /* ProvidenceWayfindingUITests */ = {
			isa = PBXGroup;
			children = (
				D2CA4A061BE2B58D00E79580 /* ProvidenceWayfindingUITests.swift */,
				D2CA4A081BE2B58D00E79580 /* Info.plist */,
			);
			path = ProvidenceWayfindingUITests;
			sourceTree = "<group>";
		};
/* End PBXGroup section */

/* Begin PBXNativeTarget section */
		D2CA49E21BE2B58B00E79580 /* ProvidenceWayfinding */ = {
			isa = PBXNativeTarget;
			buildConfigurationList = D2CA4A0B1BE2B58D00E79580 /* Build configuration list for PBXNativeTarget "ProvidenceWayfinding" */;
			buildPhases = (
				D2CA49DF1BE2B58B00E79580 /* Sources */,
				D2CA49E01BE2B58B00E79580 /* Frameworks */,
				D2CA49E11BE2B58B00E79580 /* Resources */,
			);
			buildRules = (
			);
			dependencies = (
			);
			name = ProvidenceWayfinding;
			productName = ProvidenceWayfinding;
			productReference = D2CA49E31BE2B58B00E79580 /* ProvidenceWayfinding.app */;
			productType = "com.apple.product-type.application";
		};
		D2CA49F61BE2B58C00E79580 /* ProvidenceWayfindingTests */ = {
			isa = PBXNativeTarget;
			buildConfigurationList = D2CA4A0E1BE2B58D00E79580 /* Build configuration list for PBXNativeTarget "ProvidenceWayfindingTests" */;
			buildPhases = (
				D2CA49F31BE2B58C00E79580 /* Sources */,
				D2CA49F41BE2B58C00E79580 /* Frameworks */,
				D2CA49F51BE2B58C00E79580 /* Resources */,
			);
			buildRules = (
			);
			dependencies = (
				D2CA49F91BE2B58C00E79580 /* PBXTargetDependency */,
			);
			name = ProvidenceWayfindingTests;
			productName = ProvidenceWayfindingTests;
			productReference = D2CA49F71BE2B58C00E79580 /* ProvidenceWayfindingTests.xctest */;
			productType = "com.apple.product-type.bundle.unit-test";
		};
		D2CA4A011BE2B58C00E79580 /* ProvidenceWayfindingUITests */ = {
			isa = PBXNativeTarget;
			buildConfigurationList = D2CA4A111BE2B58D00E79580 /* Build configuration list for PBXNativeTarget "ProvidenceWayfindingUITests" */;
			buildPhases = (
				D2CA49FE1BE2B58C00E79580 /* Sources */,
				D2CA49FF1BE2B58C00E79580 /* Frameworks */,
				D2CA4A001BE2B58C00E79580 /* Resources */,
			);
			buildRules = (
			);
			dependencies = (
				D2CA4A041BE2B58C00E79580 /* PBXTargetDependency */,
			);
			name = ProvidenceWayfindingUITests;
			productName = ProvidenceWayfindingUITests;
			productReference = D2CA4A021BE2B58C00E79580 /* ProvidenceWayfindingUITests.xctest */;
			productType = "com.apple.product-type.bundle.ui-testing";
		};
/* End PBXNativeTarget section */

/* Begin PBXProject section */
		D2CA49DB1BE2B58B00E79580 /* Project object */ = {
			isa = PBXProject;
			attributes = {
				LastSwiftUpdateCheck = 0710;
				LastUpgradeCheck = 0710;
				ORGANIZATIONNAME = GU;
				TargetAttributes = {
					D2CA49E21BE2B58B00E79580 = {
						CreatedOnToolsVersion = 7.1;
						DevelopmentTeam = 257SB96Y5W;
						SystemCapabilities = {
							com.apple.Maps.iOS = {
								enabled = 1;
							};
						};
					};
					D2CA49F61BE2B58C00E79580 = {
						CreatedOnToolsVersion = 7.1;
						DevelopmentTeam = FT24NTBXEG;
						TestTargetID = D2CA49E21BE2B58B00E79580;
					};
					D2CA4A011BE2B58C00E79580 = {
						CreatedOnToolsVersion = 7.1;
						DevelopmentTeam = FT24NTBXEG;
						TestTargetID = D2CA49E21BE2B58B00E79580;
					};
				};
			};
			buildConfigurationList = D2CA49DE1BE2B58B00E79580 /* Build configuration list for PBXProject "ProvidenceWayfinding" */;
			compatibilityVersion = "Xcode 3.2";
			developmentRegion = English;
			hasScannedForEncodings = 0;
			knownRegions = (
				en,
				Base,
			);
			mainGroup = D2CA49DA1BE2B58B00E79580;
			productRefGroup = D2CA49E41BE2B58B00E79580 /* Products */;
			projectDirPath = "";
			projectRoot = "";
			targets = (
				D2CA49E21BE2B58B00E79580 /* ProvidenceWayfinding */,
				D2CA49F61BE2B58C00E79580 /* ProvidenceWayfindingTests */,
				D2CA4A011BE2B58C00E79580 /* ProvidenceWayfindingUITests */,
			);
		};
/* End PBXProject section */

/* Begin PBXResourcesBuildPhase section */
		D2CA49E11BE2B58B00E79580 /* Resources */ = {
			isa = PBXResourcesBuildPhase;
			buildActionMask = 2147483647;
			files = (
				B87763A61C98CA6600F9032C /* Home.png in Resources */,
				D2C12B6F1CCA902A00BDC046 /* Childrens_4.jpg in Resources */,
				D2C12B7C1CCA903A00BDC046 /* Heart_5.jpg in Resources */,
				D227F9911C725E2A0029A5E7 /* List-100.png in Resources */,
				B87763A81C98CA6600F9032C /* More.png in Resources */,
				D2C12B9F1CCA905100BDC046 /* Womens_3.jpg in Resources */,
				D2C12B8A1CCA904700BDC046 /* Main_1.jpg in Resources */,
				D2C12B9E1CCA905100BDC046 /* Womens_2.jpg in Resources */,
				D2341F551C11610700F5ACBA /* NearMeFilled100.png in Resources */,
				35A706D01C4D83B00039F4DC /* providence_logo1.png in Resources */,
				354B98F81C04EF330087E67C /* Campus.jpg in Resources */,
				D2C12B711CCA902A00BDC046 /* Childrens_L2.jpg in Resources */,
				B87763A51C98CA6600F9032C /* Car.png in Resources */,
				D2C12BA11CCA905100BDC046 /* Womens_L2.jpg in Resources */,
				B6678E7A1CD00975004E1CE9 /* data in Resources */,
				D2C12B921CCA904700BDC046 /* Main_9.jpg in Resources */,
				D2C12B6E1CCA902A00BDC046 /* Childrens_3.jpg in Resources */,
				D2C12B791CCA903A00BDC046 /* Heart_2.jpg in Resources */,
				B87763AE1C9E09B400F9032C /* ButtonDarkBlue.png in Resources */,
				D2C12B901CCA904700BDC046 /* Main_7.jpg in Resources */,
				D2C12B8F1CCA904700BDC046 /* Main_6.jpg in Resources */,
				D2C12B8B1CCA904700BDC046 /* Main_2.jpg in Resources */,
				D2C12B941CCA904700BDC046 /* Main_L1.jpg in Resources */,
				D2C12BA21CCA905100BDC046 /* Womens_L3.jpg in Resources */,
				D2C12B961CCA904700BDC046 /* Main_L3.jpg in Resources */,
				D2C12BA01CCA905100BDC046 /* Womens_L1.jpg in Resources */,
				D2341F541C11610700F5ACBA /* NearMe100.png in Resources */,
				D2C12B8D1CCA904700BDC046 /* Main_4.jpg in Resources */,
				D2C12B931CCA904700BDC046 /* Main_10.jpg in Resources */,
				D2C12B8E1CCA904700BDC046 /* Main_5.jpg in Resources */,
				D2C12B911CCA904700BDC046 /* Main_8.jpg in Resources */,
				D2C12B7B1CCA903A00BDC046 /* Heart_4.jpg in Resources */,
				D2CA49F11BE2B58C00E79580 /* LaunchScreen.storyboard in Resources */,
				D2C12B781CCA903A00BDC046 /* Heart_1.jpg in Resources */,
				D2C12B6D1CCA902A00BDC046 /* Childrens_2.jpg in Resources */,
				D2CA49EE1BE2B58C00E79580 /* Assets.xcassets in Resources */,
				B87763A71C98CA6600F9032C /* Map.png in Resources */,
				D2341F561C11610700F5ACBA /* NorthDirectionFilled100.png in Resources */,
				D2C12B661CCA8E9400BDC046 /* Childrens_1.jpg in Resources */,
				D2C12B8C1CCA904700BDC046 /* Main_3.jpg in Resources */,
				D2C12B9D1CCA905100BDC046 /* Womens_1.jpg in Resources */,
				D2C12B7A1CCA903A00BDC046 /* Heart_3.jpg in Resources */,
				D2C12B951CCA904700BDC046 /* Main_L2.jpg in Resources */,
				D2CA49EC1BE2B58B00E79580 /* Main.storyboard in Resources */,
				D2C12B721CCA902A00BDC046 /* Childrens_L3.jpg in Resources */,
				D2C12B701CCA902A00BDC046 /* Childrens_L1.jpg in Resources */,
			);
			runOnlyForDeploymentPostprocessing = 0;
		};
		D2CA49F51BE2B58C00E79580 /* Resources */ = {
			isa = PBXResourcesBuildPhase;
			buildActionMask = 2147483647;
			files = (
			);
			runOnlyForDeploymentPostprocessing = 0;
		};
		D2CA4A001BE2B58C00E79580 /* Resources */ = {
			isa = PBXResourcesBuildPhase;
			buildActionMask = 2147483647;
			files = (
			);
			runOnlyForDeploymentPostprocessing = 0;
		};
/* End PBXResourcesBuildPhase section */

/* Begin PBXSourcesBuildPhase section */
		D2CA49DF1BE2B58B00E79580 /* Sources */ = {
			isa = PBXSourcesBuildPhase;
			buildActionMask = 2147483647;
			files = (
				D2CA4A171BE2B72600E79580 /* DirectionsViewController.swift in Sources */,
				A06517E11C56CD1800B12A63 /* DirectoryInformation.swift in Sources */,
				39E909361C0E30F500F81024 /* MoreViewController.swift in Sources */,
				B6B73E811CC4D3350088BA86 /* OnCampusDirectionsViewController.swift in Sources */,
				B6B73E7D1CC4D3350088BA86 /* Direction.swift in Sources */,
				B6B73E7C1CC4D3350088BA86 /* CSwiftV.swift in Sources */,
				D2C7308C1C69473D002AF7CB /* BasicDirectionsCell.swift in Sources */,
				B6B73E831CC4D3350088BA86 /* Vertex.swift in Sources */,
				A05A93AB1C7129E90047B5B3 /* DirectoryBuildingChooserViewController.swift in Sources */,
				B87C86091C6A46E20091514E /* ParkingPathViewController.swift in Sources */,
				D2CA49E71BE2B58B00E79580 /* AppDelegate.swift in Sources */,
				B696505C1C04F1EA00C8276A /* LocationTableViewController.swift in Sources */,
				B87C860B1C6A79720091514E /* HistoryViewController.swift in Sources */,
				A0DD87201C580E0B0071B478 /* DirectorySpecificViewController.swift in Sources */,
				B87763901C989C7300F9032C /* ContentViewController.swift in Sources */,
				B696505A1C04F1EA00C8276A /* CategoryTableViewController.swift in Sources */,
				B696505D1C04F1EA00C8276A /* SurveyViewController.swift in Sources */,
				3501ADD31BF27F6000981151 /* ToSViewController.swift in Sources */,
				B6B73E801CC4D3350088BA86 /* lineView.swift in Sources */,
				B6B73E7E1CC4D3350088BA86 /* Edge.swift in Sources */,
				B6B73E7F1CC4D3350088BA86 /* Graph.swift in Sources */,
				A05A93B11C73B9C90047B5B3 /* SearchedDirectoryTableViewController.swift in Sources */,
				B89D054E1C56F1FD00D81C76 /* HomeViewController.swift in Sources */,
				B877638E1C9899E300F9032C /* TutorialViewController.swift in Sources */,
				D227F9931C725F930029A5E7 /* MapDetailsViewController.swift in Sources */,
				B81F5F801C5867DF00B2D981 /* FloorPlansViewController.swift in Sources */,
				B6B73E7B1CC4D3350088BA86 /* Connection.swift in Sources */,
				354B98DF1C0278470087E67C /* CampusViewController.swift in Sources */,
				354B99031C121AB90087E67C /* ToSMoreViewController.swift in Sources */,
				B696505F1C04F7E200C8276A /* ParkingViewController.swift in Sources */,
				354B99051C14F6010087E67C /* LostViewController.swift in Sources */,
			);
			runOnlyForDeploymentPostprocessing = 0;
		};
		D2CA49F31BE2B58C00E79580 /* Sources */ = {
			isa = PBXSourcesBuildPhase;
			buildActionMask = 2147483647;
			files = (
				D2CA49FC1BE2B58C00E79580 /* ProvidenceWayfindingTests.swift in Sources */,
			);
			runOnlyForDeploymentPostprocessing = 0;
		};
		D2CA49FE1BE2B58C00E79580 /* Sources */ = {
			isa = PBXSourcesBuildPhase;
			buildActionMask = 2147483647;
			files = (
				D2CA4A071BE2B58D00E79580 /* ProvidenceWayfindingUITests.swift in Sources */,
			);
			runOnlyForDeploymentPostprocessing = 0;
		};
/* End PBXSourcesBuildPhase section */

/* Begin PBXTargetDependency section */
		D2CA49F91BE2B58C00E79580 /* PBXTargetDependency */ = {
			isa = PBXTargetDependency;
			target = D2CA49E21BE2B58B00E79580 /* ProvidenceWayfinding */;
			targetProxy = D2CA49F81BE2B58C00E79580 /* PBXContainerItemProxy */;
		};
		D2CA4A041BE2B58C00E79580 /* PBXTargetDependency */ = {
			isa = PBXTargetDependency;
			target = D2CA49E21BE2B58B00E79580 /* ProvidenceWayfinding */;
			targetProxy = D2CA4A031BE2B58C00E79580 /* PBXContainerItemProxy */;
		};
/* End PBXTargetDependency section */

/* Begin PBXVariantGroup section */
		D2CA49EA1BE2B58B00E79580 /* Main.storyboard */ = {
			isa = PBXVariantGroup;
			children = (
				D2CA49EB1BE2B58B00E79580 /* Base */,
			);
			name = Main.storyboard;
			sourceTree = "<group>";
		};
		D2CA49EF1BE2B58C00E79580 /* LaunchScreen.storyboard */ = {
			isa = PBXVariantGroup;
			children = (
				D2CA49F01BE2B58C00E79580 /* Base */,
			);
			name = LaunchScreen.storyboard;
			sourceTree = "<group>";
		};
/* End PBXVariantGroup section */

/* Begin XCBuildConfiguration section */
		D2CA4A091BE2B58D00E79580 /* Debug */ = {
			isa = XCBuildConfiguration;
			buildSettings = {
				ALWAYS_SEARCH_USER_PATHS = NO;
				CLANG_CXX_LANGUAGE_STANDARD = "gnu++0x";
				CLANG_CXX_LIBRARY = "libc++";
				CLANG_ENABLE_MODULES = YES;
				CLANG_ENABLE_OBJC_ARC = YES;
				CLANG_WARN_BOOL_CONVERSION = YES;
				CLANG_WARN_CONSTANT_CONVERSION = YES;
				CLANG_WARN_DIRECT_OBJC_ISA_USAGE = YES_ERROR;
				CLANG_WARN_EMPTY_BODY = YES;
				CLANG_WARN_ENUM_CONVERSION = YES;
				CLANG_WARN_INT_CONVERSION = YES;
				CLANG_WARN_OBJC_ROOT_CLASS = YES_ERROR;
				CLANG_WARN_UNREACHABLE_CODE = YES;
				CLANG_WARN__DUPLICATE_METHOD_MATCH = YES;
				CODE_SIGN_IDENTITY = "iPhone Developer";
				"CODE_SIGN_IDENTITY[sdk=iphoneos*]" = "iPhone Developer";
				COPY_PHASE_STRIP = NO;
				DEBUG_INFORMATION_FORMAT = dwarf;
				EMBEDDED_CONTENT_CONTAINS_SWIFT = NO;
				EMBED_ASSET_PACKS_IN_PRODUCT_BUNDLE = NO;
				ENABLE_STRICT_OBJC_MSGSEND = YES;
				ENABLE_TESTABILITY = YES;
				GCC_C_LANGUAGE_STANDARD = gnu99;
				GCC_DYNAMIC_NO_PIC = NO;
				GCC_NO_COMMON_BLOCKS = YES;
				GCC_OPTIMIZATION_LEVEL = 0;
				GCC_PREPROCESSOR_DEFINITIONS = (
					"DEBUG=1",
					"$(inherited)",
				);
				GCC_WARN_64_TO_32_BIT_CONVERSION = YES;
				GCC_WARN_ABOUT_RETURN_TYPE = YES_ERROR;
				GCC_WARN_UNDECLARED_SELECTOR = YES;
				GCC_WARN_UNINITIALIZED_AUTOS = YES_AGGRESSIVE;
				GCC_WARN_UNUSED_FUNCTION = YES;
				GCC_WARN_UNUSED_VARIABLE = YES;
				IPHONEOS_DEPLOYMENT_TARGET = 9.1;
				MTL_ENABLE_DEBUG_INFO = YES;
				ONLY_ACTIVE_ARCH = YES;
				SDKROOT = iphoneos;
				SWIFT_OPTIMIZATION_LEVEL = "-Onone";
			};
			name = Debug;
		};
		D2CA4A0A1BE2B58D00E79580 /* Release */ = {
			isa = XCBuildConfiguration;
			buildSettings = {
				ALWAYS_SEARCH_USER_PATHS = NO;
				CLANG_CXX_LANGUAGE_STANDARD = "gnu++0x";
				CLANG_CXX_LIBRARY = "libc++";
				CLANG_ENABLE_MODULES = YES;
				CLANG_ENABLE_OBJC_ARC = YES;
				CLANG_WARN_BOOL_CONVERSION = YES;
				CLANG_WARN_CONSTANT_CONVERSION = YES;
				CLANG_WARN_DIRECT_OBJC_ISA_USAGE = YES_ERROR;
				CLANG_WARN_EMPTY_BODY = YES;
				CLANG_WARN_ENUM_CONVERSION = YES;
				CLANG_WARN_INT_CONVERSION = YES;
				CLANG_WARN_OBJC_ROOT_CLASS = YES_ERROR;
				CLANG_WARN_UNREACHABLE_CODE = YES;
				CLANG_WARN__DUPLICATE_METHOD_MATCH = YES;
				CODE_SIGN_IDENTITY = "iPhone Developer";
				"CODE_SIGN_IDENTITY[sdk=iphoneos*]" = "iPhone Developer";
				COPY_PHASE_STRIP = NO;
				DEBUG_INFORMATION_FORMAT = "dwarf-with-dsym";
				EMBEDDED_CONTENT_CONTAINS_SWIFT = NO;
				EMBED_ASSET_PACKS_IN_PRODUCT_BUNDLE = NO;
				ENABLE_NS_ASSERTIONS = NO;
				ENABLE_STRICT_OBJC_MSGSEND = YES;
				GCC_C_LANGUAGE_STANDARD = gnu99;
				GCC_NO_COMMON_BLOCKS = YES;
				GCC_WARN_64_TO_32_BIT_CONVERSION = YES;
				GCC_WARN_ABOUT_RETURN_TYPE = YES_ERROR;
				GCC_WARN_UNDECLARED_SELECTOR = YES;
				GCC_WARN_UNINITIALIZED_AUTOS = YES_AGGRESSIVE;
				GCC_WARN_UNUSED_FUNCTION = YES;
				GCC_WARN_UNUSED_VARIABLE = YES;
				IPHONEOS_DEPLOYMENT_TARGET = 9.1;
				MTL_ENABLE_DEBUG_INFO = NO;
				SDKROOT = iphoneos;
				VALIDATE_PRODUCT = YES;
			};
			name = Release;
		};
		D2CA4A0C1BE2B58D00E79580 /* Debug */ = {
			isa = XCBuildConfiguration;
			buildSettings = {
				ASSETCATALOG_COMPILER_APPICON_NAME = AppIcon;
				CODE_SIGN_IDENTITY = "iPhone Developer";
				"CODE_SIGN_IDENTITY[sdk=iphoneos*]" = "iPhone Developer";
				INFOPLIST_FILE = ProvidenceWayfinding/Info.plist;
				IPHONEOS_DEPLOYMENT_TARGET = 9.1;
				LD_RUNPATH_SEARCH_PATHS = "$(inherited) @executable_path/Frameworks";
				PRODUCT_BUNDLE_IDENTIFIER = GU.ProvidenceWayfinding.Hello;
				PRODUCT_NAME = "$(TARGET_NAME)";
				PROVISIONING_PROFILE = "";
				TARGETED_DEVICE_FAMILY = 1;
			};
			name = Debug;
		};
		D2CA4A0D1BE2B58D00E79580 /* Release */ = {
			isa = XCBuildConfiguration;
			buildSettings = {
				ASSETCATALOG_COMPILER_APPICON_NAME = AppIcon;
				CODE_SIGN_IDENTITY = "iPhone Developer";
				"CODE_SIGN_IDENTITY[sdk=iphoneos*]" = "iPhone Developer";
				INFOPLIST_FILE = ProvidenceWayfinding/Info.plist;
				IPHONEOS_DEPLOYMENT_TARGET = 9.1;
				LD_RUNPATH_SEARCH_PATHS = "$(inherited) @executable_path/Frameworks";
				PRODUCT_BUNDLE_IDENTIFIER = GU.ProvidenceWayfinding.Hello;
				PRODUCT_NAME = "$(TARGET_NAME)";
				PROVISIONING_PROFILE = "";
				SWIFT_OPTIMIZATION_LEVEL = "-Onone";
				TARGETED_DEVICE_FAMILY = 1;
			};
			name = Release;
		};
		D2CA4A0F1BE2B58D00E79580 /* Debug */ = {
			isa = XCBuildConfiguration;
			buildSettings = {
				BUNDLE_LOADER = "$(TEST_HOST)";
				INFOPLIST_FILE = ProvidenceWayfindingTests/Info.plist;
				LD_RUNPATH_SEARCH_PATHS = "$(inherited) @executable_path/Frameworks @loader_path/Frameworks";
				PRODUCT_BUNDLE_IDENTIFIER = GU.ProvidenceWayfindingTests;
				PRODUCT_NAME = "$(TARGET_NAME)";
				TEST_HOST = "$(BUILT_PRODUCTS_DIR)/ProvidenceWayfinding.app/ProvidenceWayfinding";
			};
			name = Debug;
		};
		D2CA4A101BE2B58D00E79580 /* Release */ = {
			isa = XCBuildConfiguration;
			buildSettings = {
				BUNDLE_LOADER = "$(TEST_HOST)";
				INFOPLIST_FILE = ProvidenceWayfindingTests/Info.plist;
				LD_RUNPATH_SEARCH_PATHS = "$(inherited) @executable_path/Frameworks @loader_path/Frameworks";
				PRODUCT_BUNDLE_IDENTIFIER = GU.ProvidenceWayfindingTests;
				PRODUCT_NAME = "$(TARGET_NAME)";
				TEST_HOST = "$(BUILT_PRODUCTS_DIR)/ProvidenceWayfinding.app/ProvidenceWayfinding";
			};
			name = Release;
		};
		D2CA4A121BE2B58D00E79580 /* Debug */ = {
			isa = XCBuildConfiguration;
			buildSettings = {
				INFOPLIST_FILE = ProvidenceWayfindingUITests/Info.plist;
				LD_RUNPATH_SEARCH_PATHS = "$(inherited) @executable_path/Frameworks @loader_path/Frameworks";
				PRODUCT_BUNDLE_IDENTIFIER = GU.ProvidenceWayfindingUITests;
				PRODUCT_NAME = "$(TARGET_NAME)";
				TEST_TARGET_NAME = ProvidenceWayfinding;
				USES_XCTRUNNER = YES;
			};
			name = Debug;
		};
		D2CA4A131BE2B58D00E79580 /* Release */ = {
			isa = XCBuildConfiguration;
			buildSettings = {
				INFOPLIST_FILE = ProvidenceWayfindingUITests/Info.plist;
				LD_RUNPATH_SEARCH_PATHS = "$(inherited) @executable_path/Frameworks @loader_path/Frameworks";
				PRODUCT_BUNDLE_IDENTIFIER = GU.ProvidenceWayfindingUITests;
				PRODUCT_NAME = "$(TARGET_NAME)";
				TEST_TARGET_NAME = ProvidenceWayfinding;
				USES_XCTRUNNER = YES;
			};
			name = Release;
		};
/* End XCBuildConfiguration section */

/* Begin XCConfigurationList section */
		D2CA49DE1BE2B58B00E79580 /* Build configuration list for PBXProject "ProvidenceWayfinding" */ = {
			isa = XCConfigurationList;
			buildConfigurations = (
				D2CA4A091BE2B58D00E79580 /* Debug */,
				D2CA4A0A1BE2B58D00E79580 /* Release */,
			);
			defaultConfigurationIsVisible = 0;
			defaultConfigurationName = Release;
		};
		D2CA4A0B1BE2B58D00E79580 /* Build configuration list for PBXNativeTarget "ProvidenceWayfinding" */ = {
			isa = XCConfigurationList;
			buildConfigurations = (
				D2CA4A0C1BE2B58D00E79580 /* Debug */,
				D2CA4A0D1BE2B58D00E79580 /* Release */,
			);
			defaultConfigurationIsVisible = 0;
			defaultConfigurationName = Release;
		};
		D2CA4A0E1BE2B58D00E79580 /* Build configuration list for PBXNativeTarget "ProvidenceWayfindingTests" */ = {
			isa = XCConfigurationList;
			buildConfigurations = (
				D2CA4A0F1BE2B58D00E79580 /* Debug */,
				D2CA4A101BE2B58D00E79580 /* Release */,
			);
			defaultConfigurationIsVisible = 0;
			defaultConfigurationName = Release;
		};
		D2CA4A111BE2B58D00E79580 /* Build configuration list for PBXNativeTarget "ProvidenceWayfindingUITests" */ = {
			isa = XCConfigurationList;
			buildConfigurations = (
				D2CA4A121BE2B58D00E79580 /* Debug */,
				D2CA4A131BE2B58D00E79580 /* Release */,
			);
			defaultConfigurationIsVisible = 0;
			defaultConfigurationName = Release;
		};
/* End XCConfigurationList section */
	};
	rootObject = D2CA49DB1BE2B58B00E79580 /* Project object */;
}
