// !$*UTF8*$!
{
	archiveVersion = 1;
	classes = {
	};
	objectVersion = 46;
	objects = {

/* Begin PBXBuildFile section */
		0300278C1C0FB29D00BB789F /* Concessions.swift in Sources */ = {isa = PBXBuildFile; fileRef = 0300278B1C0FB29D00BB789F /* Concessions.swift */; };
		3501ADD31BF27F6000981151 /* ToSViewController.swift in Sources */ = {isa = PBXBuildFile; fileRef = 3501ADD21BF27F6000981151 /* ToSViewController.swift */; };
		351906AD1BE9489200F1D343 /* OnCampusViewController.swift in Sources */ = {isa = PBXBuildFile; fileRef = 351906AC1BE9489200F1D343 /* OnCampusViewController.swift */; };
		354B98DF1C0278470087E67C /* CampusViewController.swift in Sources */ = {isa = PBXBuildFile; fileRef = 354B98DE1C0278470087E67C /* CampusViewController.swift */; };
		354B98F61C04EF330087E67C /* buttonGreen.png in Resources */ = {isa = PBXBuildFile; fileRef = 354B98EE1C04EF330087E67C /* buttonGreen.png */; };
		354B98F71C04EF330087E67C /* buttonOrange.png in Resources */ = {isa = PBXBuildFile; fileRef = 354B98EF1C04EF330087E67C /* buttonOrange.png */; };
		354B98F81C04EF330087E67C /* Campus.jpg in Resources */ = {isa = PBXBuildFile; fileRef = 354B98F01C04EF330087E67C /* Campus.jpg */; };
		354B98F91C04EF330087E67C /* Floor_1.jpg in Resources */ = {isa = PBXBuildFile; fileRef = 354B98F11C04EF330087E67C /* Floor_1.jpg */; };
		354B98FA1C04EF330087E67C /* Floor_2.jpg in Resources */ = {isa = PBXBuildFile; fileRef = 354B98F21C04EF330087E67C /* Floor_2.jpg */; };
		354B98FB1C04EF330087E67C /* Floor_3.jpg in Resources */ = {isa = PBXBuildFile; fileRef = 354B98F31C04EF330087E67C /* Floor_3.jpg */; };
		354B98FC1C04EF330087E67C /* LowerLevels.jpg in Resources */ = {isa = PBXBuildFile; fileRef = 354B98F41C04EF330087E67C /* LowerLevels.jpg */; };
		354B98FD1C04EF330087E67C /* providence_logo1.png in Resources */ = {isa = PBXBuildFile; fileRef = 354B98F51C04EF330087E67C /* providence_logo1.png */; };
		354B99031C121AB90087E67C /* ToSMoreViewController.swift in Sources */ = {isa = PBXBuildFile; fileRef = 354B99021C121AB90087E67C /* ToSMoreViewController.swift */; };
		354B99051C14F6010087E67C /* LostViewController.swift in Sources */ = {isa = PBXBuildFile; fileRef = 354B99041C14F6010087E67C /* LostViewController.swift */; };
		39DDF7BA1C0D348A00CC63A5 /* HoursViewController.swift in Sources */ = {isa = PBXBuildFile; fileRef = 39DDF7B91C0D348A00CC63A5 /* HoursViewController.swift */; };
		39DDF7BC1C0D6B9E00CC63A5 /* ServicesTableViewController.swift in Sources */ = {isa = PBXBuildFile; fileRef = 39DDF7BB1C0D6B9E00CC63A5 /* ServicesTableViewController.swift */; };
		39E909361C0E30F500F81024 /* MoreViewController.swift in Sources */ = {isa = PBXBuildFile; fileRef = 39E909351C0E30F500F81024 /* MoreViewController.swift */; };
		B696505A1C04F1EA00C8276A /* CategoryTableViewController.swift in Sources */ = {isa = PBXBuildFile; fileRef = B69650561C04F1EA00C8276A /* CategoryTableViewController.swift */; };
		B696505B1C04F1EA00C8276A /* Location.swift in Sources */ = {isa = PBXBuildFile; fileRef = B69650571C04F1EA00C8276A /* Location.swift */; };
		B696505C1C04F1EA00C8276A /* LocationTableViewController.swift in Sources */ = {isa = PBXBuildFile; fileRef = B69650581C04F1EA00C8276A /* LocationTableViewController.swift */; };
		B696505D1C04F1EA00C8276A /* SurveyViewController.swift in Sources */ = {isa = PBXBuildFile; fileRef = B69650591C04F1EA00C8276A /* SurveyViewController.swift */; };
		B696505F1C04F7E200C8276A /* ParkingViewController.swift in Sources */ = {isa = PBXBuildFile; fileRef = B696505E1C04F7E200C8276A /* ParkingViewController.swift */; };
		B69650641C05399500C8276A /* Car.png in Resources */ = {isa = PBXBuildFile; fileRef = B69650601C05399500C8276A /* Car.png */; };
		B69650651C05399500C8276A /* Home.png in Resources */ = {isa = PBXBuildFile; fileRef = B69650611C05399500C8276A /* Home.png */; };
		B69650661C05399500C8276A /* Map.png in Resources */ = {isa = PBXBuildFile; fileRef = B69650621C05399500C8276A /* Map.png */; };
		B69650671C05399500C8276A /* More.png in Resources */ = {isa = PBXBuildFile; fileRef = B69650631C05399500C8276A /* More.png */; };
		D2CA49E71BE2B58B00E79580 /* AppDelegate.swift in Sources */ = {isa = PBXBuildFile; fileRef = D2CA49E61BE2B58B00E79580 /* AppDelegate.swift */; };
		D2CA49EC1BE2B58B00E79580 /* Main.storyboard in Resources */ = {isa = PBXBuildFile; fileRef = D2CA49EA1BE2B58B00E79580 /* Main.storyboard */; };
		D2CA49EE1BE2B58C00E79580 /* Assets.xcassets in Resources */ = {isa = PBXBuildFile; fileRef = D2CA49ED1BE2B58C00E79580 /* Assets.xcassets */; };
		D2CA49F11BE2B58C00E79580 /* LaunchScreen.storyboard in Resources */ = {isa = PBXBuildFile; fileRef = D2CA49EF1BE2B58C00E79580 /* LaunchScreen.storyboard */; };
		D2CA49FC1BE2B58C00E79580 /* ProvidenceWayfindingTests.swift in Sources */ = {isa = PBXBuildFile; fileRef = D2CA49FB1BE2B58C00E79580 /* ProvidenceWayfindingTests.swift */; };
		D2CA4A071BE2B58D00E79580 /* ProvidenceWayfindingUITests.swift in Sources */ = {isa = PBXBuildFile; fileRef = D2CA4A061BE2B58D00E79580 /* ProvidenceWayfindingUITests.swift */; };
		D2CA4A171BE2B72600E79580 /* DirectionsViewController.swift in Sources */ = {isa = PBXBuildFile; fileRef = D2CA4A141BE2B72600E79580 /* DirectionsViewController.swift */; };
		D2CA4A191BE2B72600E79580 /* TransitionManager.swift in Sources */ = {isa = PBXBuildFile; fileRef = D2CA4A161BE2B72600E79580 /* TransitionManager.swift */; };
/* End PBXBuildFile section */

/* Begin PBXContainerItemProxy section */
		D2CA49F81BE2B58C00E79580 /* PBXContainerItemProxy */ = {
			isa = PBXContainerItemProxy;
			containerPortal = D2CA49DB1BE2B58B00E79580 /* Project object */;
			proxyType = 1;
			remoteGlobalIDString = D2CA49E21BE2B58B00E79580;
			remoteInfo = ProvidenceWayfinding;
		};
		D2CA4A031BE2B58C00E79580 /* PBXContainerItemProxy */ = {
			isa = PBXContainerItemProxy;
			containerPortal = D2CA49DB1BE2B58B00E79580 /* Project object */;
			proxyType = 1;
			remoteGlobalIDString = D2CA49E21BE2B58B00E79580;
			remoteInfo = ProvidenceWayfinding;
		};
/* End PBXContainerItemProxy section */

/* Begin PBXFileReference section */
		0300278B1C0FB29D00BB789F /* Concessions.swift */ = {isa = PBXFileReference; fileEncoding = 4; lastKnownFileType = sourcecode.swift; path = Concessions.swift; sourceTree = "<group>"; };
		3501ADD21BF27F6000981151 /* ToSViewController.swift */ = {isa = PBXFileReference; fileEncoding = 4; lastKnownFileType = sourcecode.swift; path = ToSViewController.swift; sourceTree = "<group>"; };
		351906AC1BE9489200F1D343 /* OnCampusViewController.swift */ = {isa = PBXFileReference; fileEncoding = 4; lastKnownFileType = sourcecode.swift; path = OnCampusViewController.swift; sourceTree = "<group>"; };
		354B98DE1C0278470087E67C /* CampusViewController.swift */ = {isa = PBXFileReference; fileEncoding = 4; lastKnownFileType = sourcecode.swift; path = CampusViewController.swift; sourceTree = "<group>"; };
		354B98EE1C04EF330087E67C /* buttonGreen.png */ = {isa = PBXFileReference; lastKnownFileType = image.png; path = buttonGreen.png; sourceTree = "<group>"; };
		354B98EF1C04EF330087E67C /* buttonOrange.png */ = {isa = PBXFileReference; lastKnownFileType = image.png; path = buttonOrange.png; sourceTree = "<group>"; };
		354B98F01C04EF330087E67C /* Campus.jpg */ = {isa = PBXFileReference; lastKnownFileType = image.jpeg; path = Campus.jpg; sourceTree = "<group>"; };
		354B98F11C04EF330087E67C /* Floor_1.jpg */ = {isa = PBXFileReference; lastKnownFileType = image.jpeg; path = Floor_1.jpg; sourceTree = "<group>"; };
		354B98F21C04EF330087E67C /* Floor_2.jpg */ = {isa = PBXFileReference; lastKnownFileType = image.jpeg; path = Floor_2.jpg; sourceTree = "<group>"; };
		354B98F31C04EF330087E67C /* Floor_3.jpg */ = {isa = PBXFileReference; lastKnownFileType = image.jpeg; path = Floor_3.jpg; sourceTree = "<group>"; };
		354B98F41C04EF330087E67C /* LowerLevels.jpg */ = {isa = PBXFileReference; lastKnownFileType = image.jpeg; path = LowerLevels.jpg; sourceTree = "<group>"; };
		354B98F51C04EF330087E67C /* providence_logo1.png */ = {isa = PBXFileReference; lastKnownFileType = image.png; path = providence_logo1.png; sourceTree = "<group>"; };
		354B99021C121AB90087E67C /* ToSMoreViewController.swift */ = {isa = PBXFileReference; fileEncoding = 4; lastKnownFileType = sourcecode.swift; path = ToSMoreViewController.swift; sourceTree = "<group>"; };
		354B99041C14F6010087E67C /* LostViewController.swift */ = {isa = PBXFileReference; fileEncoding = 4; lastKnownFileType = sourcecode.swift; path = LostViewController.swift; sourceTree = "<group>"; };
		39DDF7B91C0D348A00CC63A5 /* HoursViewController.swift */ = {isa = PBXFileReference; fileEncoding = 4; lastKnownFileType = sourcecode.swift; name = HoursViewController.swift; path = ../HoursViewController.swift; sourceTree = "<group>"; };
		39DDF7BB1C0D6B9E00CC63A5 /* ServicesTableViewController.swift */ = {isa = PBXFileReference; fileEncoding = 4; lastKnownFileType = sourcecode.swift; path = ServicesTableViewController.swift; sourceTree = "<group>"; };
		39E909351C0E30F500F81024 /* MoreViewController.swift */ = {isa = PBXFileReference; fileEncoding = 4; lastKnownFileType = sourcecode.swift; path = MoreViewController.swift; sourceTree = "<group>"; };
		B69650561C04F1EA00C8276A /* CategoryTableViewController.swift */ = {isa = PBXFileReference; fileEncoding = 4; lastKnownFileType = sourcecode.swift; path = CategoryTableViewController.swift; sourceTree = "<group>"; };
		B69650571C04F1EA00C8276A /* Location.swift */ = {isa = PBXFileReference; fileEncoding = 4; lastKnownFileType = sourcecode.swift; path = Location.swift; sourceTree = "<group>"; };
		B69650581C04F1EA00C8276A /* LocationTableViewController.swift */ = {isa = PBXFileReference; fileEncoding = 4; lastKnownFileType = sourcecode.swift; path = LocationTableViewController.swift; sourceTree = "<group>"; };
		B69650591C04F1EA00C8276A /* SurveyViewController.swift */ = {isa = PBXFileReference; fileEncoding = 4; lastKnownFileType = sourcecode.swift; path = SurveyViewController.swift; sourceTree = "<group>"; };
		B696505E1C04F7E200C8276A /* ParkingViewController.swift */ = {isa = PBXFileReference; fileEncoding = 4; lastKnownFileType = sourcecode.swift; path = ParkingViewController.swift; sourceTree = "<group>"; };
		B69650601C05399500C8276A /* Car.png */ = {isa = PBXFileReference; lastKnownFileType = image.png; path = Car.png; sourceTree = "<group>"; };
		B69650611C05399500C8276A /* Home.png */ = {isa = PBXFileReference; lastKnownFileType = image.png; path = Home.png; sourceTree = "<group>"; };
		B69650621C05399500C8276A /* Map.png */ = {isa = PBXFileReference; lastKnownFileType = image.png; path = Map.png; sourceTree = "<group>"; };
		B69650631C05399500C8276A /* More.png */ = {isa = PBXFileReference; lastKnownFileType = image.png; path = More.png; sourceTree = "<group>"; };
		D2CA49E31BE2B58B00E79580 /* ProvidenceWayfinding.app */ = {isa = PBXFileReference; explicitFileType = wrapper.application; includeInIndex = 0; path = ProvidenceWayfinding.app; sourceTree = BUILT_PRODUCTS_DIR; };
		D2CA49E61BE2B58B00E79580 /* AppDelegate.swift */ = {isa = PBXFileReference; lastKnownFileType = sourcecode.swift; path = AppDelegate.swift; sourceTree = "<group>"; };
		D2CA49EB1BE2B58B00E79580 /* Base */ = {isa = PBXFileReference; lastKnownFileType = file.storyboard; name = Base; path = Base.lproj/Main.storyboard; sourceTree = "<group>"; };
		D2CA49ED1BE2B58C00E79580 /* Assets.xcassets */ = {isa = PBXFileReference; lastKnownFileType = folder.assetcatalog; path = Assets.xcassets; sourceTree = "<group>"; };
		D2CA49F01BE2B58C00E79580 /* Base */ = {isa = PBXFileReference; lastKnownFileType = file.storyboard; name = Base; path = Base.lproj/LaunchScreen.storyboard; sourceTree = "<group>"; };
		D2CA49F21BE2B58C00E79580 /* Info.plist */ = {isa = PBXFileReference; lastKnownFileType = text.plist.xml; path = Info.plist; sourceTree = "<group>"; };
		D2CA49F71BE2B58C00E79580 /* ProvidenceWayfindingTests.xctest */ = {isa = PBXFileReference; explicitFileType = wrapper.cfbundle; includeInIndex = 0; path = ProvidenceWayfindingTests.xctest; sourceTree = BUILT_PRODUCTS_DIR; };
		D2CA49FB1BE2B58C00E79580 /* ProvidenceWayfindingTests.swift */ = {isa = PBXFileReference; lastKnownFileType = sourcecode.swift; path = ProvidenceWayfindingTests.swift; sourceTree = "<group>"; };
		D2CA49FD1BE2B58C00E79580 /* Info.plist */ = {isa = PBXFileReference; lastKnownFileType = text.plist.xml; path = Info.plist; sourceTree = "<group>"; };
		D2CA4A021BE2B58C00E79580 /* ProvidenceWayfindingUITests.xctest */ = {isa = PBXFileReference; explicitFileType = wrapper.cfbundle; includeInIndex = 0; path = ProvidenceWayfindingUITests.xctest; sourceTree = BUILT_PRODUCTS_DIR; };
		D2CA4A061BE2B58D00E79580 /* ProvidenceWayfindingUITests.swift */ = {isa = PBXFileReference; lastKnownFileType = sourcecode.swift; path = ProvidenceWayfindingUITests.swift; sourceTree = "<group>"; };
		D2CA4A081BE2B58D00E79580 /* Info.plist */ = {isa = PBXFileReference; lastKnownFileType = text.plist.xml; path = Info.plist; sourceTree = "<group>"; };
		D2CA4A141BE2B72600E79580 /* DirectionsViewController.swift */ = {isa = PBXFileReference; fileEncoding = 4; lastKnownFileType = sourcecode.swift; path = DirectionsViewController.swift; sourceTree = "<group>"; };
		D2CA4A161BE2B72600E79580 /* TransitionManager.swift */ = {isa = PBXFileReference; fileEncoding = 4; lastKnownFileType = sourcecode.swift; path = TransitionManager.swift; sourceTree = "<group>"; };
/* End PBXFileReference section */

/* Begin PBXFrameworksBuildPhase section */
		D2CA49E01BE2B58B00E79580 /* Frameworks */ = {
			isa = PBXFrameworksBuildPhase;
			buildActionMask = 2147483647;
			files = (
			);
			runOnlyForDeploymentPostprocessing = 0;
		};
		D2CA49F41BE2B58C00E79580 /* Frameworks */ = {
			isa = PBXFrameworksBuildPhase;
			buildActionMask = 2147483647;
			files = (
			);
			runOnlyForDeploymentPostprocessing = 0;
		};
		D2CA49FF1BE2B58C00E79580 /* Frameworks */ = {
			isa = PBXFrameworksBuildPhase;
			buildActionMask = 2147483647;
			files = (
			);
			runOnlyForDeploymentPostprocessing = 0;
		};
/* End PBXFrameworksBuildPhase section */

/* Begin PBXGroup section */
		D2CA49DA1BE2B58B00E79580 = {
			isa = PBXGroup;
			children = (
				D2CA49E51BE2B58B00E79580 /* ProvidenceWayfinding */,
				D2CA49FA1BE2B58C00E79580 /* ProvidenceWayfindingTests */,
				D2CA4A051BE2B58D00E79580 /* ProvidenceWayfindingUITests */,
				D2CA49E41BE2B58B00E79580 /* Products */,
			);
			sourceTree = "<group>";
		};
		D2CA49E41BE2B58B00E79580 /* Products */ = {
			isa = PBXGroup;
			children = (
				D2CA49E31BE2B58B00E79580 /* ProvidenceWayfinding.app */,
				D2CA49F71BE2B58C00E79580 /* ProvidenceWayfindingTests.xctest */,
				D2CA4A021BE2B58C00E79580 /* ProvidenceWayfindingUITests.xctest */,
			);
			name = Products;
			sourceTree = "<group>";
		};
		D2CA49E51BE2B58B00E79580 /* ProvidenceWayfinding */ = {
			isa = PBXGroup;
			children = (
				354B98EE1C04EF330087E67C /* buttonGreen.png */,
				354B98EF1C04EF330087E67C /* buttonOrange.png */,
				354B98F01C04EF330087E67C /* Campus.jpg */,
				354B98F11C04EF330087E67C /* Floor_1.jpg */,
				354B98F21C04EF330087E67C /* Floor_2.jpg */,
				354B98F31C04EF330087E67C /* Floor_3.jpg */,
				354B98F41C04EF330087E67C /* LowerLevels.jpg */,
				354B98F51C04EF330087E67C /* providence_logo1.png */,
				B69650601C05399500C8276A /* Car.png */,
				B69650611C05399500C8276A /* Home.png */,
				B69650621C05399500C8276A /* Map.png */,
				B69650631C05399500C8276A /* More.png */,
				D2CA4A141BE2B72600E79580 /* DirectionsViewController.swift */,
				B696505E1C04F7E200C8276A /* ParkingViewController.swift */,
				D2CA4A161BE2B72600E79580 /* TransitionManager.swift */,
				D2CA49E61BE2B58B00E79580 /* AppDelegate.swift */,
				39DDF7B91C0D348A00CC63A5 /* HoursViewController.swift */,
				351906AC1BE9489200F1D343 /* OnCampusViewController.swift */,
				D2CA49EA1BE2B58B00E79580 /* Main.storyboard */,
				354B99041C14F6010087E67C /* LostViewController.swift */,
				354B99021C121AB90087E67C /* ToSMoreViewController.swift */,
				39E909351C0E30F500F81024 /* MoreViewController.swift */,
				39DDF7BB1C0D6B9E00CC63A5 /* ServicesTableViewController.swift */,
				B69650561C04F1EA00C8276A /* CategoryTableViewController.swift */,
				B69650571C04F1EA00C8276A /* Location.swift */,
				0300278B1C0FB29D00BB789F /* Concessions.swift */,
				B69650581C04F1EA00C8276A /* LocationTableViewController.swift */,
				B69650591C04F1EA00C8276A /* SurveyViewController.swift */,
				354B98DE1C0278470087E67C /* CampusViewController.swift */,
				3501ADD21BF27F6000981151 /* ToSViewController.swift */,
				D2CA49ED1BE2B58C00E79580 /* Assets.xcassets */,
				D2CA49EF1BE2B58C00E79580 /* LaunchScreen.storyboard */,
				D2CA49F21BE2B58C00E79580 /* Info.plist */,
			);
			path = ProvidenceWayfinding;
			sourceTree = "<group>";
		};
		D2CA49FA1BE2B58C00E79580 /* ProvidenceWayfindingTests */ = {
			isa = PBXGroup;
			children = (
				D2CA49FB1BE2B58C00E79580 /* ProvidenceWayfindingTests.swift */,
				D2CA49FD1BE2B58C00E79580 /* Info.plist */,
			);
			path = ProvidenceWayfindingTests;
			sourceTree = "<group>";
		};
		D2CA4A051BE2B58D00E79580 /* ProvidenceWayfindingUITests */ = {
			isa = PBXGroup;
			children = (
				D2CA4A061BE2B58D00E79580 /* ProvidenceWayfindingUITests.swift */,
				D2CA4A081BE2B58D00E79580 /* Info.plist */,
			);
			path = ProvidenceWayfindingUITests;
			sourceTree = "<group>";
		};
/* End PBXGroup section */

/* Begin PBXNativeTarget section */
		D2CA49E21BE2B58B00E79580 /* ProvidenceWayfinding */ = {
			isa = PBXNativeTarget;
			buildConfigurationList = D2CA4A0B1BE2B58D00E79580 /* Build configuration list for PBXNativeTarget "ProvidenceWayfinding" */;
			buildPhases = (
				D2CA49DF1BE2B58B00E79580 /* Sources */,
				D2CA49E01BE2B58B00E79580 /* Frameworks */,
				D2CA49E11BE2B58B00E79580 /* Resources */,
			);
			buildRules = (
			);
			dependencies = (
			);
			name = ProvidenceWayfinding;
			productName = ProvidenceWayfinding;
			productReference = D2CA49E31BE2B58B00E79580 /* ProvidenceWayfinding.app */;
			productType = "com.apple.product-type.application";
		};
		D2CA49F61BE2B58C00E79580 /* ProvidenceWayfindingTests */ = {
			isa = PBXNativeTarget;
			buildConfigurationList = D2CA4A0E1BE2B58D00E79580 /* Build configuration list for PBXNativeTarget "ProvidenceWayfindingTests" */;
			buildPhases = (
				D2CA49F31BE2B58C00E79580 /* Sources */,
				D2CA49F41BE2B58C00E79580 /* Frameworks */,
				D2CA49F51BE2B58C00E79580 /* Resources */,
			);
			buildRules = (
			);
			dependencies = (
				D2CA49F91BE2B58C00E79580 /* PBXTargetDependency */,
			);
			name = ProvidenceWayfindingTests;
			productName = ProvidenceWayfindingTests;
			productReference = D2CA49F71BE2B58C00E79580 /* ProvidenceWayfindingTests.xctest */;
			productType = "com.apple.product-type.bundle.unit-test";
		};
		D2CA4A011BE2B58C00E79580 /* ProvidenceWayfindingUITests */ = {
			isa = PBXNativeTarget;
			buildConfigurationList = D2CA4A111BE2B58D00E79580 /* Build configuration list for PBXNativeTarget "ProvidenceWayfindingUITests" */;
			buildPhases = (
				D2CA49FE1BE2B58C00E79580 /* Sources */,
				D2CA49FF1BE2B58C00E79580 /* Frameworks */,
				D2CA4A001BE2B58C00E79580 /* Resources */,
			);
			buildRules = (
			);
			dependencies = (
				D2CA4A041BE2B58C00E79580 /* PBXTargetDependency */,
			);
			name = ProvidenceWayfindingUITests;
			productName = ProvidenceWayfindingUITests;
			productReference = D2CA4A021BE2B58C00E79580 /* ProvidenceWayfindingUITests.xctest */;
			productType = "com.apple.product-type.bundle.ui-testing";
		};
/* End PBXNativeTarget section */

/* Begin PBXProject section */
		D2CA49DB1BE2B58B00E79580 /* Project object */ = {
			isa = PBXProject;
			attributes = {
				LastSwiftUpdateCheck = 0710;
				LastUpgradeCheck = 0710;
				ORGANIZATIONNAME = GU;
				TargetAttributes = {
					D2CA49E21BE2B58B00E79580 = {
						CreatedOnToolsVersion = 7.1;
						DevelopmentTeam = EN63MJGHGH;
					};
					D2CA49F61BE2B58C00E79580 = {
						CreatedOnToolsVersion = 7.1;
						DevelopmentTeam = FT24NTBXEG;
						TestTargetID = D2CA49E21BE2B58B00E79580;
					};
					D2CA4A011BE2B58C00E79580 = {
						CreatedOnToolsVersion = 7.1;
						DevelopmentTeam = FT24NTBXEG;
						TestTargetID = D2CA49E21BE2B58B00E79580;
					};
				};
			};
			buildConfigurationList = D2CA49DE1BE2B58B00E79580 /* Build configuration list for PBXProject "ProvidenceWayfinding" */;
			compatibilityVersion = "Xcode 3.2";
			developmentRegion = English;
			hasScannedForEncodings = 0;
			knownRegions = (
				en,
				Base,
			);
			mainGroup = D2CA49DA1BE2B58B00E79580;
			productRefGroup = D2CA49E41BE2B58B00E79580 /* Products */;
			projectDirPath = "";
			projectRoot = "";
			targets = (
				D2CA49E21BE2B58B00E79580 /* ProvidenceWayfinding */,
				D2CA49F61BE2B58C00E79580 /* ProvidenceWayfindingTests */,
				D2CA4A011BE2B58C00E79580 /* ProvidenceWayfindingUITests */,
			);
		};
/* End PBXProject section */

/* Begin PBXResourcesBuildPhase section */
		D2CA49E11BE2B58B00E79580 /* Resources */ = {
			isa = PBXResourcesBuildPhase;
			buildActionMask = 2147483647;
			files = (
				B69650641C05399500C8276A /* Car.png in Resources */,
				354B98FC1C04EF330087E67C /* LowerLevels.jpg in Resources */,
				354B98FD1C04EF330087E67C /* providence_logo1.png in Resources */,
				354B98F81C04EF330087E67C /* Campus.jpg in Resources */,
				B69650651C05399500C8276A /* Home.png in Resources */,
				D2CA49F11BE2B58C00E79580 /* LaunchScreen.storyboard in Resources */,
				B69650661C05399500C8276A /* Map.png in Resources */,
				354B98F71C04EF330087E67C /* buttonOrange.png in Resources */,
				D2CA49EE1BE2B58C00E79580 /* Assets.xcassets in Resources */,
				354B98F91C04EF330087E67C /* Floor_1.jpg in Resources */,
				354B98FA1C04EF330087E67C /* Floor_2.jpg in Resources */,
				354B98FB1C04EF330087E67C /* Floor_3.jpg in Resources */,
				B69650671C05399500C8276A /* More.png in Resources */,
				D2CA49EC1BE2B58B00E79580 /* Main.storyboard in Resources */,
				354B98F61C04EF330087E67C /* buttonGreen.png in Resources */,
			);
			runOnlyForDeploymentPostprocessing = 0;
		};
		D2CA49F51BE2B58C00E79580 /* Resources */ = {
			isa = PBXResourcesBuildPhase;
			buildActionMask = 2147483647;
			files = (
			);
			runOnlyForDeploymentPostprocessing = 0;
		};
		D2CA4A001BE2B58C00E79580 /* Resources */ = {
			isa = PBXResourcesBuildPhase;
			buildActionMask = 2147483647;
			files = (
			);
			runOnlyForDeploymentPostprocessing = 0;
		};
/* End PBXResourcesBuildPhase section */

/* Begin PBXSourcesBuildPhase section */
		D2CA49DF1BE2B58B00E79580 /* Sources */ = {
			isa = PBXSourcesBuildPhase;
			buildActionMask = 2147483647;
			files = (
				B696505B1C04F1EA00C8276A /* Location.swift in Sources */,
				D2CA4A191BE2B72600E79580 /* TransitionManager.swift in Sources */,
				D2CA4A171BE2B72600E79580 /* DirectionsViewController.swift in Sources */,
				0300278C1C0FB29D00BB789F /* Concessions.swift in Sources */,
				39DDF7BC1C0D6B9E00CC63A5 /* ServicesTableViewController.swift in Sources */,
				39E909361C0E30F500F81024 /* MoreViewController.swift in Sources */,
				351906AD1BE9489200F1D343 /* OnCampusViewController.swift in Sources */,
				D2CA49E71BE2B58B00E79580 /* AppDelegate.swift in Sources */,
				B696505C1C04F1EA00C8276A /* LocationTableViewController.swift in Sources */,
				39DDF7BA1C0D348A00CC63A5 /* HoursViewController.swift in Sources */,
				B696505A1C04F1EA00C8276A /* CategoryTableViewController.swift in Sources */,
				B696505D1C04F1EA00C8276A /* SurveyViewController.swift in Sources */,
				3501ADD31BF27F6000981151 /* ToSViewController.swift in Sources */,
				354B98DF1C0278470087E67C /* CampusViewController.swift in Sources */,
				354B99031C121AB90087E67C /* ToSMoreViewController.swift in Sources */,
				B696505F1C04F7E200C8276A /* ParkingViewController.swift in Sources */,
				354B99051C14F6010087E67C /* LostViewController.swift in Sources */,
			);
			runOnlyForDeploymentPostprocessing = 0;
		};
		D2CA49F31BE2B58C00E79580 /* Sources */ = {
			isa = PBXSourcesBuildPhase;
			buildActionMask = 2147483647;
			files = (
				D2CA49FC1BE2B58C00E79580 /* ProvidenceWayfindingTests.swift in Sources */,
			);
			runOnlyForDeploymentPostprocessing = 0;
		};
		D2CA49FE1BE2B58C00E79580 /* Sources */ = {
			isa = PBXSourcesBuildPhase;
			buildActionMask = 2147483647;
			files = (
				D2CA4A071BE2B58D00E79580 /* ProvidenceWayfindingUITests.swift in Sources */,
			);
			runOnlyForDeploymentPostprocessing = 0;
		};
/* End PBXSourcesBuildPhase section */

/* Begin PBXTargetDependency section */
		D2CA49F91BE2B58C00E79580 /* PBXTargetDependency */ = {
			isa = PBXTargetDependency;
			target = D2CA49E21BE2B58B00E79580 /* ProvidenceWayfinding */;
			targetProxy = D2CA49F81BE2B58C00E79580 /* PBXContainerItemProxy */;
		};
		D2CA4A041BE2B58C00E79580 /* PBXTargetDependency */ = {
			isa = PBXTargetDependency;
			target = D2CA49E21BE2B58B00E79580 /* ProvidenceWayfinding */;
			targetProxy = D2CA4A031BE2B58C00E79580 /* PBXContainerItemProxy */;
		};
/* End PBXTargetDependency section */

/* Begin PBXVariantGroup section */
		D2CA49EA1BE2B58B00E79580 /* Main.storyboard */ = {
			isa = PBXVariantGroup;
			children = (
				D2CA49EB1BE2B58B00E79580 /* Base */,
			);
			name = Main.storyboard;
			sourceTree = "<group>";
		};
		D2CA49EF1BE2B58C00E79580 /* LaunchScreen.storyboard */ = {
			isa = PBXVariantGroup;
			children = (
				D2CA49F01BE2B58C00E79580 /* Base */,
			);
			name = LaunchScreen.storyboard;
			sourceTree = "<group>";
		};
/* End PBXVariantGroup section */

/* Begin XCBuildConfiguration section */
		D2CA4A091BE2B58D00E79580 /* Debug */ = {
			isa = XCBuildConfiguration;
			buildSettings = {
				ALWAYS_SEARCH_USER_PATHS = NO;
				CLANG_CXX_LANGUAGE_STANDARD = "gnu++0x";
				CLANG_CXX_LIBRARY = "libc++";
				CLANG_ENABLE_MODULES = YES;
				CLANG_ENABLE_OBJC_ARC = YES;
				CLANG_WARN_BOOL_CONVERSION = YES;
				CLANG_WARN_CONSTANT_CONVERSION = YES;
				CLANG_WARN_DIRECT_OBJC_ISA_USAGE = YES_ERROR;
				CLANG_WARN_EMPTY_BODY = YES;
				CLANG_WARN_ENUM_CONVERSION = YES;
				CLANG_WARN_INT_CONVERSION = YES;
				CLANG_WARN_OBJC_ROOT_CLASS = YES_ERROR;
				CLANG_WARN_UNREACHABLE_CODE = YES;
				CLANG_WARN__DUPLICATE_METHOD_MATCH = YES;
				CODE_SIGN_IDENTITY = "iPhone Developer";
				"CODE_SIGN_IDENTITY[sdk=iphoneos*]" = "iPhone Developer";
				COPY_PHASE_STRIP = NO;
				DEBUG_INFORMATION_FORMAT = dwarf;
				EMBEDDED_CONTENT_CONTAINS_SWIFT = NO;
				EMBED_ASSET_PACKS_IN_PRODUCT_BUNDLE = NO;
				ENABLE_STRICT_OBJC_MSGSEND = YES;
				ENABLE_TESTABILITY = YES;
				GCC_C_LANGUAGE_STANDARD = gnu99;
				GCC_DYNAMIC_NO_PIC = NO;
				GCC_NO_COMMON_BLOCKS = YES;
				GCC_OPTIMIZATION_LEVEL = 0;
				GCC_PREPROCESSOR_DEFINITIONS = (
					"DEBUG=1",
					"$(inherited)",
				);
				GCC_WARN_64_TO_32_BIT_CONVERSION = YES;
				GCC_WARN_ABOUT_RETURN_TYPE = YES_ERROR;
				GCC_WARN_UNDECLARED_SELECTOR = YES;
				GCC_WARN_UNINITIALIZED_AUTOS = YES_AGGRESSIVE;
				GCC_WARN_UNUSED_FUNCTION = YES;
				GCC_WARN_UNUSED_VARIABLE = YES;
				IPHONEOS_DEPLOYMENT_TARGET = 9.1;
				MTL_ENABLE_DEBUG_INFO = YES;
				ONLY_ACTIVE_ARCH = YES;
				SDKROOT = iphoneos;
				SWIFT_OPTIMIZATION_LEVEL = "-Onone";
			};
			name = Debug;
		};
		D2CA4A0A1BE2B58D00E79580 /* Release */ = {
			isa = XCBuildConfiguration;
			buildSettings = {
				ALWAYS_SEARCH_USER_PATHS = NO;
				CLANG_CXX_LANGUAGE_STANDARD = "gnu++0x";
				CLANG_CXX_LIBRARY = "libc++";
				CLANG_ENABLE_MODULES = YES;
				CLANG_ENABLE_OBJC_ARC = YES;
				CLANG_WARN_BOOL_CONVERSION = YES;
				CLANG_WARN_CONSTANT_CONVERSION = YES;
				CLANG_WARN_DIRECT_OBJC_ISA_USAGE = YES_ERROR;
				CLANG_WARN_EMPTY_BODY = YES;
				CLANG_WARN_ENUM_CONVERSION = YES;
				CLANG_WARN_INT_CONVERSION = YES;
				CLANG_WARN_OBJC_ROOT_CLASS = YES_ERROR;
				CLANG_WARN_UNREACHABLE_CODE = YES;
				CLANG_WARN__DUPLICATE_METHOD_MATCH = YES;
				CODE_SIGN_IDENTITY = "iPhone Developer";
				"CODE_SIGN_IDENTITY[sdk=iphoneos*]" = "iPhone Developer";
				COPY_PHASE_STRIP = NO;
				DEBUG_INFORMATION_FORMAT = "dwarf-with-dsym";
				EMBEDDED_CONTENT_CONTAINS_SWIFT = NO;
				EMBED_ASSET_PACKS_IN_PRODUCT_BUNDLE = NO;
				ENABLE_NS_ASSERTIONS = NO;
				ENABLE_STRICT_OBJC_MSGSEND = YES;
				GCC_C_LANGUAGE_STANDARD = gnu99;
				GCC_NO_COMMON_BLOCKS = YES;
				GCC_WARN_64_TO_32_BIT_CONVERSION = YES;
				GCC_WARN_ABOUT_RETURN_TYPE = YES_ERROR;
				GCC_WARN_UNDECLARED_SELECTOR = YES;
				GCC_WARN_UNINITIALIZED_AUTOS = YES_AGGRESSIVE;
				GCC_WARN_UNUSED_FUNCTION = YES;
				GCC_WARN_UNUSED_VARIABLE = YES;
				IPHONEOS_DEPLOYMENT_TARGET = 9.1;
				MTL_ENABLE_DEBUG_INFO = NO;
				SDKROOT = iphoneos;
				VALIDATE_PRODUCT = YES;
			};
			name = Release;
		};
		D2CA4A0C1BE2B58D00E79580 /* Debug */ = {
			isa = XCBuildConfiguration;
			buildSettings = {
				ASSETCATALOG_COMPILER_APPICON_NAME = AppIcon;
				CODE_SIGN_IDENTITY = "iPhone Developer";
				"CODE_SIGN_IDENTITY[sdk=iphoneos*]" = "iPhone Developer";
				INFOPLIST_FILE = ProvidenceWayfinding/Info.plist;
				IPHONEOS_DEPLOYMENT_TARGET = 9.1;
				LD_RUNPATH_SEARCH_PATHS = "$(inherited) @executable_path/Frameworks";
				PRODUCT_BUNDLE_IDENTIFIER = GU.ProvidenceWayfinding.Becker;
				PRODUCT_NAME = "$(TARGET_NAME)";
				PROVISIONING_PROFILE = "";
				TARGETED_DEVICE_FAMILY = 1;
			};
			name = Debug;
		};
		D2CA4A0D1BE2B58D00E79580 /* Release */ = {
			isa = XCBuildConfiguration;
			buildSettings = {
				ASSETCATALOG_COMPILER_APPICON_NAME = AppIcon;
				CODE_SIGN_IDENTITY = "iPhone Developer";
				"CODE_SIGN_IDENTITY[sdk=iphoneos*]" = "iPhone Developer";
				INFOPLIST_FILE = ProvidenceWayfinding/Info.plist;
				IPHONEOS_DEPLOYMENT_TARGET = 9.1;
				LD_RUNPATH_SEARCH_PATHS = "$(inherited) @executable_path/Frameworks";
				PRODUCT_BUNDLE_IDENTIFIER = GU.ProvidenceWayfinding.Becker;
				PRODUCT_NAME = "$(TARGET_NAME)";
				PROVISIONING_PROFILE = "";
				SWIFT_OPTIMIZATION_LEVEL = "-Onone";
				TARGETED_DEVICE_FAMILY = 1;
			};
			name = Release;
		};
		D2CA4A0F1BE2B58D00E79580 /* Debug */ = {
			isa = XCBuildConfiguration;
			buildSettings = {
				BUNDLE_LOADER = "$(TEST_HOST)";
				INFOPLIST_FILE = ProvidenceWayfindingTests/Info.plist;
				LD_RUNPATH_SEARCH_PATHS = "$(inherited) @executable_path/Frameworks @loader_path/Frameworks";
				PRODUCT_BUNDLE_IDENTIFIER = GU.ProvidenceWayfindingTests;
				PRODUCT_NAME = "$(TARGET_NAME)";
				TEST_HOST = "$(BUILT_PRODUCTS_DIR)/ProvidenceWayfinding.app/ProvidenceWayfinding";
			};
			name = Debug;
		};
		D2CA4A101BE2B58D00E79580 /* Release */ = {
			isa = XCBuildConfiguration;
			buildSettings = {
				BUNDLE_LOADER = "$(TEST_HOST)";
				INFOPLIST_FILE = ProvidenceWayfindingTests/Info.plist;
				LD_RUNPATH_SEARCH_PATHS = "$(inherited) @executable_path/Frameworks @loader_path/Frameworks";
				PRODUCT_BUNDLE_IDENTIFIER = GU.ProvidenceWayfindingTests;
				PRODUCT_NAME = "$(TARGET_NAME)";
				TEST_HOST = "$(BUILT_PRODUCTS_DIR)/ProvidenceWayfinding.app/ProvidenceWayfinding";
			};
			name = Release;
		};
		D2CA4A121BE2B58D00E79580 /* Debug */ = {
			isa = XCBuildConfiguration;
			buildSettings = {
				INFOPLIST_FILE = ProvidenceWayfindingUITests/Info.plist;
				LD_RUNPATH_SEARCH_PATHS = "$(inherited) @executable_path/Frameworks @loader_path/Frameworks";
				PRODUCT_BUNDLE_IDENTIFIER = GU.ProvidenceWayfindingUITests;
				PRODUCT_NAME = "$(TARGET_NAME)";
				TEST_TARGET_NAME = ProvidenceWayfinding;
				USES_XCTRUNNER = YES;
			};
			name = Debug;
		};
		D2CA4A131BE2B58D00E79580 /* Release */ = {
			isa = XCBuildConfiguration;
			buildSettings = {
				INFOPLIST_FILE = ProvidenceWayfindingUITests/Info.plist;
				LD_RUNPATH_SEARCH_PATHS = "$(inherited) @executable_path/Frameworks @loader_path/Frameworks";
				PRODUCT_BUNDLE_IDENTIFIER = GU.ProvidenceWayfindingUITests;
				PRODUCT_NAME = "$(TARGET_NAME)";
				TEST_TARGET_NAME = ProvidenceWayfinding;
				USES_XCTRUNNER = YES;
			};
			name = Release;
		};
/* End XCBuildConfiguration section */

/* Begin XCConfigurationList section */
		D2CA49DE1BE2B58B00E79580 /* Build configuration list for PBXProject "ProvidenceWayfinding" */ = {
			isa = XCConfigurationList;
			buildConfigurations = (
				D2CA4A091BE2B58D00E79580 /* Debug */,
				D2CA4A0A1BE2B58D00E79580 /* Release */,
			);
			defaultConfigurationIsVisible = 0;
			defaultConfigurationName = Release;
		};
		D2CA4A0B1BE2B58D00E79580 /* Build configuration list for PBXNativeTarget "ProvidenceWayfinding" */ = {
			isa = XCConfigurationList;
			buildConfigurations = (
				D2CA4A0C1BE2B58D00E79580 /* Debug */,
				D2CA4A0D1BE2B58D00E79580 /* Release */,
			);
			defaultConfigurationIsVisible = 0;
			defaultConfigurationName = Release;
		};
		D2CA4A0E1BE2B58D00E79580 /* Build configuration list for PBXNativeTarget "ProvidenceWayfindingTests" */ = {
			isa = XCConfigurationList;
			buildConfigurations = (
				D2CA4A0F1BE2B58D00E79580 /* Debug */,
				D2CA4A101BE2B58D00E79580 /* Release */,
			);
			defaultConfigurationIsVisible = 0;
			defaultConfigurationName = Release;
		};
		D2CA4A111BE2B58D00E79580 /* Build configuration list for PBXNativeTarget "ProvidenceWayfindingUITests" */ = {
			isa = XCConfigurationList;
			buildConfigurations = (
				D2CA4A121BE2B58D00E79580 /* Debug */,
				D2CA4A131BE2B58D00E79580 /* Release */,
			);
			defaultConfigurationIsVisible = 0;
			defaultConfigurationName = Release;
		};
/* End XCConfigurationList section */
	};
	rootObject = D2CA49DB1BE2B58B00E79580 /* Project object */;
}
